<?xml version="1.0" encoding="utf-8"?>
<Project ToolsVersion="4.0" xmlns="http://schemas.microsoft.com/developer/msbuild/2003">
  <ItemGroup>
    <ClInclude Include="..\Include\Abstruct\Defs.h">
      <Filter>Include</Filter>
    </ClInclude>
    <ClInclude Include="..\Include\Abstruct\LightSwitch.h">
      <Filter>Include</Filter>
    </ClInclude>
    <ClInclude Include="..\Include\Abstruct\Driver.h">
      <Filter>Include</Filter>
    </ClInclude>
    <ClInclude Include="..\Include\Abstruct\DeviceObjct.h">
      <Filter>Include</Filter>
    </ClInclude>
    <ClInclude Include="..\Include\Abstruct\Gateway.h">
      <Filter>Include</Filter>
    </ClInclude>
    <ClInclude Include="..\Include\Abstruct\Module.h">
      <Filter>Include</Filter>
    </ClInclude>
    <ClInclude Include="..\Include\Abstruct\LightDimmer.h">
      <Filter>Include</Filter>
    </ClInclude>
    <ClInclude Include="..\Include\Abstruct\LightRGB.h">
      <Filter>Include</Filter>
    </ClInclude>
    <ClInclude Include="..\Include\Abstruct\Blind.h">
      <Filter>Include</Filter>
    </ClInclude>
    <ClInclude Include="..\Include\Abstruct\IO.h">
      <Filter>Include</Filter>
    </ClInclude>
  </ItemGroup>
  <ItemGroup>
    <ResourceCompile Include="Version.rc" />
  </ItemGroup>
  <ItemGroup>
    <Filter Include="Include">
      <UniqueIdentifier>{07ac0154-773a-45d0-a284-34eaedc2814a}</UniqueIdentifier>
    </Filter>
    <Filter Include="Src">
      <UniqueIdentifier>{c60eb28d-f2a0-489a-8819-926d1dd02589}</UniqueIdentifier>
    </Filter>
  </ItemGroup>
  <ItemGroup>
    <None Include="..\Include\Abstruct\Version.tpl">
      <Filter>Include</Filter>
    </None>
  </ItemGroup>
</Project>