<?xml version="1.0" encoding="utf-8"?>
<Project ToolsVersion="4.0" xmlns="http://schemas.microsoft.com/developer/msbuild/2003">
  <ItemGroup>
    <Filter Include="源文件">
      <UniqueIdentifier>{4FC737F1-C7A5-4376-A066-2A32D752A2FF}</UniqueIdentifier>
      <Extensions>cpp;c;cc;cxx;def;odl;idl;hpj;bat;asm;asmx</Extensions>
    </Filter>
    <Filter Include="头文件">
      <UniqueIdentifier>{93995380-89BD-4b04-88EB-625FBE52EBFB}</UniqueIdentifier>
      <Extensions>h;hpp;hxx;hm;inl;inc;xsd</Extensions>
    </Filter>
    <Filter Include="资源文件">
      <UniqueIdentifier>{67DA6AB6-F800-4c08-8B7A-83BB121AAD01}</UniqueIdentifier>
      <Extensions>rc;ico;cur;bmp;dlg;rc2;rct;bin;rgs;gif;jpg;jpeg;jpe;resx;tiff;tif;png;wav</Extensions>
    </Filter>
    <Filter Include="Simple-RTMP-Server">
      <UniqueIdentifier>{7e8ef019-0788-4545-bdfb-ca1ef55f70cf}</UniqueIdentifier>
    </Filter>
  </ItemGroup>
  <ItemGroup>
    <ClInclude Include="..\Include\RTMP\Defs.h">
      <Filter>头文件</Filter>
    </ClInclude>
    <ClInclude Include="..\Include\RTMP\RTMP.h">
      <Filter>头文件</Filter>
    </ClInclude>
    <ClInclude Include="..\Include\RTMP\RTMPClient.h">
      <Filter>头文件</Filter>
    </ClInclude>
    <ClInclude Include="..\Include\RTMP\RTMPPusher.h">
      <Filter>头文件</Filter>
    </ClInclude>
    <ClInclude Include="..\Include\RTMP\RTMPServer.h">
      <Filter>头文件</Filter>
    </ClInclude>
    <ClInclude Include="Src\Simple-RTMP-Server\trunk\src\service\srs_service_utility.hpp">
      <Filter>Simple-RTMP-Server</Filter>
    </ClInclude>
    <ClInclude Include="Src\Simple-RTMP-Server\trunk\src\app\srs_app_async_call.hpp">
      <Filter>Simple-RTMP-Server</Filter>
    </ClInclude>
    <ClInclude Include="Src\Simple-RTMP-Server\trunk\src\app\srs_app_bandwidth.hpp">
      <Filter>Simple-RTMP-Server</Filter>
    </ClInclude>
    <ClInclude Include="Src\Simple-RTMP-Server\trunk\src\app\srs_app_caster_flv.hpp">
      <Filter>Simple-RTMP-Server</Filter>
    </ClInclude>
    <ClInclude Include="Src\Simple-RTMP-Server\trunk\src\app\srs_app_config.hpp">
      <Filter>Simple-RTMP-Server</Filter>
    </ClInclude>
    <ClInclude Include="Src\Simple-RTMP-Server\trunk\src\app\srs_app_conn.hpp">
      <Filter>Simple-RTMP-Server</Filter>
    </ClInclude>
    <ClInclude Include="Src\Simple-RTMP-Server\trunk\src\app\srs_app_dash.hpp">
      <Filter>Simple-RTMP-Server</Filter>
    </ClInclude>
    <ClInclude Include="Src\Simple-RTMP-Server\trunk\src\app\srs_app_dvr.hpp">
      <Filter>Simple-RTMP-Server</Filter>
    </ClInclude>
    <ClInclude Include="Src\Simple-RTMP-Server\trunk\src\app\srs_app_edge.hpp">
      <Filter>Simple-RTMP-Server</Filter>
    </ClInclude>
    <ClInclude Include="Src\Simple-RTMP-Server\trunk\src\app\srs_app_empty.hpp">
      <Filter>Simple-RTMP-Server</Filter>
    </ClInclude>
    <ClInclude Include="Src\Simple-RTMP-Server\trunk\src\app\srs_app_encoder.hpp">
      <Filter>Simple-RTMP-Server</Filter>
    </ClInclude>
    <ClInclude Include="Src\Simple-RTMP-Server\trunk\src\app\srs_app_ffmpeg.hpp">
      <Filter>Simple-RTMP-Server</Filter>
    </ClInclude>
    <ClInclude Include="Src\Simple-RTMP-Server\trunk\src\app\srs_app_forward.hpp">
      <Filter>Simple-RTMP-Server</Filter>
    </ClInclude>
    <ClInclude Include="Src\Simple-RTMP-Server\trunk\src\app\srs_app_fragment.hpp">
      <Filter>Simple-RTMP-Server</Filter>
    </ClInclude>
    <ClInclude Include="Src\Simple-RTMP-Server\trunk\src\app\srs_app_hds.hpp">
      <Filter>Simple-RTMP-Server</Filter>
    </ClInclude>
    <ClInclude Include="Src\Simple-RTMP-Server\trunk\src\app\srs_app_heartbeat.hpp">
      <Filter>Simple-RTMP-Server</Filter>
    </ClInclude>
    <ClInclude Include="Src\Simple-RTMP-Server\trunk\src\app\srs_app_hls.hpp">
      <Filter>Simple-RTMP-Server</Filter>
    </ClInclude>
    <ClInclude Include="Src\Simple-RTMP-Server\trunk\src\app\srs_app_hourglass.hpp">
      <Filter>Simple-RTMP-Server</Filter>
    </ClInclude>
    <ClInclude Include="Src\Simple-RTMP-Server\trunk\src\app\srs_app_http_api.hpp">
      <Filter>Simple-RTMP-Server</Filter>
    </ClInclude>
    <ClInclude Include="Src\Simple-RTMP-Server\trunk\src\app\srs_app_http_client.hpp">
      <Filter>Simple-RTMP-Server</Filter>
    </ClInclude>
    <ClInclude Include="Src\Simple-RTMP-Server\trunk\src\app\srs_app_http_conn.hpp">
      <Filter>Simple-RTMP-Server</Filter>
    </ClInclude>
    <ClInclude Include="Src\Simple-RTMP-Server\trunk\src\app\srs_app_http_hooks.hpp">
      <Filter>Simple-RTMP-Server</Filter>
    </ClInclude>
    <ClInclude Include="Src\Simple-RTMP-Server\trunk\src\app\srs_app_http_static.hpp">
      <Filter>Simple-RTMP-Server</Filter>
    </ClInclude>
    <ClInclude Include="Src\Simple-RTMP-Server\trunk\src\app\srs_app_http_stream.hpp">
      <Filter>Simple-RTMP-Server</Filter>
    </ClInclude>
    <ClInclude Include="Src\Simple-RTMP-Server\trunk\src\app\srs_app_ingest.hpp">
      <Filter>Simple-RTMP-Server</Filter>
    </ClInclude>
    <ClInclude Include="Src\Simple-RTMP-Server\trunk\src\app\srs_app_kafka.hpp">
      <Filter>Simple-RTMP-Server</Filter>
    </ClInclude>
    <ClInclude Include="Src\Simple-RTMP-Server\trunk\src\app\srs_app_listener.hpp">
      <Filter>Simple-RTMP-Server</Filter>
    </ClInclude>
    <ClInclude Include="Src\Simple-RTMP-Server\trunk\src\app\srs_app_log.hpp">
      <Filter>Simple-RTMP-Server</Filter>
    </ClInclude>
    <ClInclude Include="Src\Simple-RTMP-Server\trunk\src\app\srs_app_mpegts_udp.hpp">
      <Filter>Simple-RTMP-Server</Filter>
    </ClInclude>
    <ClInclude Include="Src\Simple-RTMP-Server\trunk\src\app\srs_app_ng_exec.hpp">
      <Filter>Simple-RTMP-Server</Filter>
    </ClInclude>
    <ClInclude Include="Src\Simple-RTMP-Server\trunk\src\app\srs_app_pithy_print.hpp">
      <Filter>Simple-RTMP-Server</Filter>
    </ClInclude>
    <ClInclude Include="Src\Simple-RTMP-Server\trunk\src\app\srs_app_process.hpp">
      <Filter>Simple-RTMP-Server</Filter>
    </ClInclude>
    <ClInclude Include="Src\Simple-RTMP-Server\trunk\src\app\srs_app_recv_thread.hpp">
      <Filter>Simple-RTMP-Server</Filter>
    </ClInclude>
    <ClInclude Include="Src\Simple-RTMP-Server\trunk\src\app\srs_app_refer.hpp">
      <Filter>Simple-RTMP-Server</Filter>
    </ClInclude>
    <ClInclude Include="Src\Simple-RTMP-Server\trunk\src\app\srs_app_reload.hpp">
      <Filter>Simple-RTMP-Server</Filter>
    </ClInclude>
    <ClInclude Include="Src\Simple-RTMP-Server\trunk\src\app\srs_app_rtmp_conn.hpp">
      <Filter>Simple-RTMP-Server</Filter>
    </ClInclude>
    <ClInclude Include="Src\Simple-RTMP-Server\trunk\src\app\srs_app_rtsp.hpp">
      <Filter>Simple-RTMP-Server</Filter>
    </ClInclude>
    <ClInclude Include="Src\Simple-RTMP-Server\trunk\src\app\srs_app_security.hpp">
      <Filter>Simple-RTMP-Server</Filter>
    </ClInclude>
    <ClInclude Include="Src\Simple-RTMP-Server\trunk\src\app\srs_app_server.hpp">
      <Filter>Simple-RTMP-Server</Filter>
    </ClInclude>
    <ClInclude Include="Src\Simple-RTMP-Server\trunk\src\app\srs_app_source.hpp">
      <Filter>Simple-RTMP-Server</Filter>
    </ClInclude>
    <ClInclude Include="Src\Simple-RTMP-Server\trunk\src\app\srs_app_st.hpp">
      <Filter>Simple-RTMP-Server</Filter>
    </ClInclude>
    <ClInclude Include="Src\Simple-RTMP-Server\trunk\src\app\srs_app_statistic.hpp">
      <Filter>Simple-RTMP-Server</Filter>
    </ClInclude>
    <ClInclude Include="Src\Simple-RTMP-Server\trunk\src\app\srs_app_thread.hpp">
      <Filter>Simple-RTMP-Server</Filter>
    </ClInclude>
    <ClInclude Include="Src\Simple-RTMP-Server\trunk\src\app\srs_app_utility.hpp">
      <Filter>Simple-RTMP-Server</Filter>
    </ClInclude>
    <ClInclude Include="Src\Simple-RTMP-Server\trunk\src\core\srs_core.hpp">
      <Filter>Simple-RTMP-Server</Filter>
    </ClInclude>
    <ClInclude Include="Src\Simple-RTMP-Server\trunk\src\core\srs_core_autofree.hpp">
      <Filter>Simple-RTMP-Server</Filter>
    </ClInclude>
    <ClInclude Include="Src\Simple-RTMP-Server\trunk\src\core\srs_core_mem_watch.hpp">
      <Filter>Simple-RTMP-Server</Filter>
    </ClInclude>
    <ClInclude Include="Src\Simple-RTMP-Server\trunk\src\core\srs_core_performance.hpp">
      <Filter>Simple-RTMP-Server</Filter>
    </ClInclude>
    <ClInclude Include="Src\Simple-RTMP-Server\trunk\src\protocol\srs_http_stack.hpp">
      <Filter>Simple-RTMP-Server</Filter>
    </ClInclude>
    <ClInclude Include="Src\Simple-RTMP-Server\trunk\src\protocol\srs_kafka_stack.hpp">
      <Filter>Simple-RTMP-Server</Filter>
    </ClInclude>
    <ClInclude Include="Src\Simple-RTMP-Server\trunk\src\kernel\srs_kernel_aac.hpp">
      <Filter>Simple-RTMP-Server</Filter>
    </ClInclude>
    <ClInclude Include="Src\Simple-RTMP-Server\trunk\src\kernel\srs_kernel_balance.hpp">
      <Filter>Simple-RTMP-Server</Filter>
    </ClInclude>
    <ClInclude Include="Src\Simple-RTMP-Server\trunk\src\kernel\srs_kernel_buffer.hpp">
      <Filter>Simple-RTMP-Server</Filter>
    </ClInclude>
    <ClInclude Include="Src\Simple-RTMP-Server\trunk\src\kernel\srs_kernel_codec.hpp">
      <Filter>Simple-RTMP-Server</Filter>
    </ClInclude>
    <ClInclude Include="Src\Simple-RTMP-Server\trunk\src\kernel\srs_kernel_consts.hpp">
      <Filter>Simple-RTMP-Server</Filter>
    </ClInclude>
    <ClInclude Include="Src\Simple-RTMP-Server\trunk\src\kernel\srs_kernel_error.hpp">
      <Filter>Simple-RTMP-Server</Filter>
    </ClInclude>
    <ClInclude Include="Src\Simple-RTMP-Server\trunk\src\kernel\srs_kernel_file.hpp">
      <Filter>Simple-RTMP-Server</Filter>
    </ClInclude>
    <ClInclude Include="Src\Simple-RTMP-Server\trunk\src\kernel\srs_kernel_flv.hpp">
      <Filter>Simple-RTMP-Server</Filter>
    </ClInclude>
    <ClInclude Include="Src\Simple-RTMP-Server\trunk\src\kernel\srs_kernel_io.hpp">
      <Filter>Simple-RTMP-Server</Filter>
    </ClInclude>
    <ClInclude Include="Src\Simple-RTMP-Server\trunk\src\kernel\srs_kernel_log.hpp">
      <Filter>Simple-RTMP-Server</Filter>
    </ClInclude>
    <ClInclude Include="Src\Simple-RTMP-Server\trunk\src\kernel\srs_kernel_mp3.hpp">
      <Filter>Simple-RTMP-Server</Filter>
    </ClInclude>
    <ClInclude Include="Src\Simple-RTMP-Server\trunk\src\kernel\srs_kernel_mp4.hpp">
      <Filter>Simple-RTMP-Server</Filter>
    </ClInclude>
    <ClInclude Include="Src\Simple-RTMP-Server\trunk\src\kernel\srs_kernel_stream.hpp">
      <Filter>Simple-RTMP-Server</Filter>
    </ClInclude>
    <ClInclude Include="Src\Simple-RTMP-Server\trunk\src\kernel\srs_kernel_ts.hpp">
      <Filter>Simple-RTMP-Server</Filter>
    </ClInclude>
    <ClInclude Include="Src\Simple-RTMP-Server\trunk\src\kernel\srs_kernel_utility.hpp">
      <Filter>Simple-RTMP-Server</Filter>
    </ClInclude>
    <ClInclude Include="Src\Simple-RTMP-Server\trunk\src\libs\srs_lib_bandwidth.hpp">
      <Filter>Simple-RTMP-Server</Filter>
    </ClInclude>
    <ClInclude Include="Src\Simple-RTMP-Server\trunk\src\libs\srs_lib_simple_socket.hpp">
      <Filter>Simple-RTMP-Server</Filter>
    </ClInclude>
    <ClInclude Include="Src\Simple-RTMP-Server\trunk\src\libs\srs_librtmp.hpp">
      <Filter>Simple-RTMP-Server</Filter>
    </ClInclude>
    <ClInclude Include="Src\Simple-RTMP-Server\trunk\src\protocol\srs_protocol_amf0.hpp">
      <Filter>Simple-RTMP-Server</Filter>
    </ClInclude>
    <ClInclude Include="Src\Simple-RTMP-Server\trunk\src\protocol\srs_protocol_format.hpp">
      <Filter>Simple-RTMP-Server</Filter>
    </ClInclude>
    <ClInclude Include="Src\Simple-RTMP-Server\trunk\src\protocol\srs_protocol_io.hpp">
      <Filter>Simple-RTMP-Server</Filter>
    </ClInclude>
    <ClInclude Include="Src\Simple-RTMP-Server\trunk\src\protocol\srs_protocol_json.hpp">
      <Filter>Simple-RTMP-Server</Filter>
    </ClInclude>
    <ClInclude Include="Src\Simple-RTMP-Server\trunk\src\protocol\srs_protocol_kbps.hpp">
      <Filter>Simple-RTMP-Server</Filter>
    </ClInclude>
    <ClInclude Include="Src\Simple-RTMP-Server\trunk\src\protocol\srs_protocol_stream.hpp">
      <Filter>Simple-RTMP-Server</Filter>
    </ClInclude>
    <ClInclude Include="Src\Simple-RTMP-Server\trunk\src\protocol\srs_protocol_utility.hpp">
      <Filter>Simple-RTMP-Server</Filter>
    </ClInclude>
    <ClInclude Include="Src\Simple-RTMP-Server\trunk\src\protocol\srs_raw_avc.hpp">
      <Filter>Simple-RTMP-Server</Filter>
    </ClInclude>
    <ClInclude Include="Src\Simple-RTMP-Server\trunk\src\protocol\srs_rtmp_handshake.hpp">
      <Filter>Simple-RTMP-Server</Filter>
    </ClInclude>
    <ClInclude Include="Src\Simple-RTMP-Server\trunk\src\protocol\srs_rtmp_msg_array.hpp">
      <Filter>Simple-RTMP-Server</Filter>
    </ClInclude>
    <ClInclude Include="Src\Simple-RTMP-Server\trunk\src\protocol\srs_rtmp_stack.hpp">
      <Filter>Simple-RTMP-Server</Filter>
    </ClInclude>
    <ClInclude Include="Src\Simple-RTMP-Server\trunk\src\protocol\srs_rtsp_stack.hpp">
      <Filter>Simple-RTMP-Server</Filter>
    </ClInclude>
    <ClInclude Include="Src\Simple-RTMP-Server\trunk\src\service\srs_service_conn.hpp">
      <Filter>Simple-RTMP-Server</Filter>
    </ClInclude>
    <ClInclude Include="Src\Simple-RTMP-Server\trunk\src\service\srs_service_http_client.hpp">
      <Filter>Simple-RTMP-Server</Filter>
    </ClInclude>
    <ClInclude Include="Src\Simple-RTMP-Server\trunk\src\service\srs_service_http_conn.hpp">
      <Filter>Simple-RTMP-Server</Filter>
    </ClInclude>
    <ClInclude Include="Src\Simple-RTMP-Server\trunk\src\service\srs_service_log.hpp">
      <Filter>Simple-RTMP-Server</Filter>
    </ClInclude>
    <ClInclude Include="Src\Simple-RTMP-Server\trunk\src\service\srs_service_rtmp_conn.hpp">
      <Filter>Simple-RTMP-Server</Filter>
    </ClInclude>
    <ClInclude Include="Src\Simple-RTMP-Server\trunk\src\service\srs_service_st.hpp">
      <Filter>Simple-RTMP-Server</Filter>
    </ClInclude>
  </ItemGroup>
  <ItemGroup>
    <None Include="..\Include\RTMP\Version.tpl">
      <Filter>头文件</Filter>
    </None>
  </ItemGroup>
  <ItemGroup>
    <ClCompile Include="Src\Simple-RTMP-Server\trunk\src\app\srs_app_async_call.cpp">
      <Filter>Simple-RTMP-Server</Filter>
    </ClCompile>
    <ClCompile Include="Src\Simple-RTMP-Server\trunk\src\app\srs_app_bandwidth.cpp">
      <Filter>Simple-RTMP-Server</Filter>
    </ClCompile>
    <ClCompile Include="Src\Simple-RTMP-Server\trunk\src\app\srs_app_caster_flv.cpp">
      <Filter>Simple-RTMP-Server</Filter>
    </ClCompile>
    <ClCompile Include="Src\Simple-RTMP-Server\trunk\src\app\srs_app_config.cpp">
      <Filter>Simple-RTMP-Server</Filter>
    </ClCompile>
    <ClCompile Include="Src\Simple-RTMP-Server\trunk\src\app\srs_app_conn.cpp">
      <Filter>Simple-RTMP-Server</Filter>
    </ClCompile>
    <ClCompile Include="Src\Simple-RTMP-Server\trunk\src\app\srs_app_dash.cpp">
      <Filter>Simple-RTMP-Server</Filter>
    </ClCompile>
    <ClCompile Include="Src\Simple-RTMP-Server\trunk\src\app\srs_app_dvr.cpp">
      <Filter>Simple-RTMP-Server</Filter>
    </ClCompile>
    <ClCompile Include="Src\Simple-RTMP-Server\trunk\src\app\srs_app_edge.cpp">
      <Filter>Simple-RTMP-Server</Filter>
    </ClCompile>
    <ClCompile Include="Src\Simple-RTMP-Server\trunk\src\app\srs_app_empty.cpp">
      <Filter>Simple-RTMP-Server</Filter>
    </ClCompile>
    <ClCompile Include="Src\Simple-RTMP-Server\trunk\src\app\srs_app_encoder.cpp">
      <Filter>Simple-RTMP-Server</Filter>
    </ClCompile>
    <ClCompile Include="Src\Simple-RTMP-Server\trunk\src\app\srs_app_ffmpeg.cpp">
      <Filter>Simple-RTMP-Server</Filter>
    </ClCompile>
    <ClCompile Include="Src\Simple-RTMP-Server\trunk\src\app\srs_app_forward.cpp">
      <Filter>Simple-RTMP-Server</Filter>
    </ClCompile>
    <ClCompile Include="Src\Simple-RTMP-Server\trunk\src\app\srs_app_fragment.cpp">
      <Filter>Simple-RTMP-Server</Filter>
    </ClCompile>
    <ClCompile Include="Src\Simple-RTMP-Server\trunk\src\app\srs_app_hds.cpp">
      <Filter>Simple-RTMP-Server</Filter>
    </ClCompile>
    <ClCompile Include="Src\Simple-RTMP-Server\trunk\src\app\srs_app_heartbeat.cpp">
      <Filter>Simple-RTMP-Server</Filter>
    </ClCompile>
    <ClCompile Include="Src\Simple-RTMP-Server\trunk\src\app\srs_app_hls.cpp">
      <Filter>Simple-RTMP-Server</Filter>
    </ClCompile>
    <ClCompile Include="Src\Simple-RTMP-Server\trunk\src\app\srs_app_hourglass.cpp">
      <Filter>Simple-RTMP-Server</Filter>
    </ClCompile>
    <ClCompile Include="Src\Simple-RTMP-Server\trunk\src\app\srs_app_http_api.cpp">
      <Filter>Simple-RTMP-Server</Filter>
    </ClCompile>
    <ClCompile Include="Src\Simple-RTMP-Server\trunk\src\app\srs_app_http_client.cpp">
      <Filter>Simple-RTMP-Server</Filter>
    </ClCompile>
    <ClCompile Include="Src\Simple-RTMP-Server\trunk\src\app\srs_app_http_conn.cpp">
      <Filter>Simple-RTMP-Server</Filter>
    </ClCompile>
    <ClCompile Include="Src\Simple-RTMP-Server\trunk\src\app\srs_app_http_hooks.cpp">
      <Filter>Simple-RTMP-Server</Filter>
    </ClCompile>
    <ClCompile Include="Src\Simple-RTMP-Server\trunk\src\app\srs_app_http_static.cpp">
      <Filter>Simple-RTMP-Server</Filter>
    </ClCompile>
    <ClCompile Include="Src\Simple-RTMP-Server\trunk\src\app\srs_app_http_stream.cpp">
      <Filter>Simple-RTMP-Server</Filter>
    </ClCompile>
    <ClCompile Include="Src\Simple-RTMP-Server\trunk\src\app\srs_app_ingest.cpp">
      <Filter>Simple-RTMP-Server</Filter>
    </ClCompile>
    <ClCompile Include="Src\Simple-RTMP-Server\trunk\src\app\srs_app_kafka.cpp">
      <Filter>Simple-RTMP-Server</Filter>
    </ClCompile>
    <ClCompile Include="Src\Simple-RTMP-Server\trunk\src\app\srs_app_listener.cpp">
      <Filter>Simple-RTMP-Server</Filter>
    </ClCompile>
    <ClCompile Include="Src\Simple-RTMP-Server\trunk\src\app\srs_app_log.cpp">
      <Filter>Simple-RTMP-Server</Filter>
    </ClCompile>
    <ClCompile Include="Src\Simple-RTMP-Server\trunk\src\app\srs_app_mpegts_udp.cpp">
      <Filter>Simple-RTMP-Server</Filter>
    </ClCompile>
    <ClCompile Include="Src\Simple-RTMP-Server\trunk\src\app\srs_app_ng_exec.cpp">
      <Filter>Simple-RTMP-Server</Filter>
    </ClCompile>
    <ClCompile Include="Src\Simple-RTMP-Server\trunk\src\app\srs_app_pithy_print.cpp">
      <Filter>Simple-RTMP-Server</Filter>
    </ClCompile>
    <ClCompile Include="Src\Simple-RTMP-Server\trunk\src\app\srs_app_process.cpp">
      <Filter>Simple-RTMP-Server</Filter>
    </ClCompile>
    <ClCompile Include="Src\Simple-RTMP-Server\trunk\src\app\srs_app_recv_thread.cpp">
      <Filter>Simple-RTMP-Server</Filter>
    </ClCompile>
    <ClCompile Include="Src\Simple-RTMP-Server\trunk\src\app\srs_app_refer.cpp">
      <Filter>Simple-RTMP-Server</Filter>
    </ClCompile>
    <ClCompile Include="Src\Simple-RTMP-Server\trunk\src\app\srs_app_reload.cpp">
      <Filter>Simple-RTMP-Server</Filter>
    </ClCompile>
    <ClCompile Include="Src\Simple-RTMP-Server\trunk\src\app\srs_app_rtmp_conn.cpp">
      <Filter>Simple-RTMP-Server</Filter>
    </ClCompile>
    <ClCompile Include="Src\Simple-RTMP-Server\trunk\src\app\srs_app_rtsp.cpp">
      <Filter>Simple-RTMP-Server</Filter>
    </ClCompile>
    <ClCompile Include="Src\Simple-RTMP-Server\trunk\src\app\srs_app_security.cpp">
      <Filter>Simple-RTMP-Server</Filter>
    </ClCompile>
    <ClCompile Include="Src\Simple-RTMP-Server\trunk\src\app\srs_app_server.cpp">
      <Filter>Simple-RTMP-Server</Filter>
    </ClCompile>
    <ClCompile Include="Src\Simple-RTMP-Server\trunk\src\app\srs_app_source.cpp">
      <Filter>Simple-RTMP-Server</Filter>
    </ClCompile>
    <ClCompile Include="Src\Simple-RTMP-Server\trunk\src\app\srs_app_st.cpp">
      <Filter>Simple-RTMP-Server</Filter>
    </ClCompile>
    <ClCompile Include="Src\Simple-RTMP-Server\trunk\src\app\srs_app_statistic.cpp">
      <Filter>Simple-RTMP-Server</Filter>
    </ClCompile>
    <ClCompile Include="Src\Simple-RTMP-Server\trunk\src\app\srs_app_thread.cpp">
      <Filter>Simple-RTMP-Server</Filter>
    </ClCompile>
    <ClCompile Include="Src\Simple-RTMP-Server\trunk\src\app\srs_app_utility.cpp">
      <Filter>Simple-RTMP-Server</Filter>
    </ClCompile>
    <ClCompile Include="Src\Simple-RTMP-Server\trunk\src\core\srs_core.cpp">
      <Filter>Simple-RTMP-Server</Filter>
    </ClCompile>
    <ClCompile Include="Src\Simple-RTMP-Server\trunk\src\core\srs_core_autofree.cpp">
      <Filter>Simple-RTMP-Server</Filter>
    </ClCompile>
    <ClCompile Include="Src\Simple-RTMP-Server\trunk\src\core\srs_core_mem_watch.cpp">
      <Filter>Simple-RTMP-Server</Filter>
    </ClCompile>
    <ClCompile Include="Src\Simple-RTMP-Server\trunk\src\core\srs_core_performance.cpp">
      <Filter>Simple-RTMP-Server</Filter>
    </ClCompile>
    <ClCompile Include="Src\Simple-RTMP-Server\trunk\src\protocol\srs_http_stack.cpp">
      <Filter>Simple-RTMP-Server</Filter>
    </ClCompile>
    <ClCompile Include="Src\Simple-RTMP-Server\trunk\src\protocol\srs_kafka_stack.cpp">
      <Filter>Simple-RTMP-Server</Filter>
    </ClCompile>
    <ClCompile Include="Src\Simple-RTMP-Server\trunk\src\kernel\srs_kernel_aac.cpp">
      <Filter>Simple-RTMP-Server</Filter>
    </ClCompile>
    <ClCompile Include="Src\Simple-RTMP-Server\trunk\src\kernel\srs_kernel_balance.cpp">
      <Filter>Simple-RTMP-Server</Filter>
    </ClCompile>
    <ClCompile Include="Src\Simple-RTMP-Server\trunk\src\kernel\srs_kernel_buffer.cpp">
      <Filter>Simple-RTMP-Server</Filter>
    </ClCompile>
    <ClCompile Include="Src\Simple-RTMP-Server\trunk\src\kernel\srs_kernel_codec.cpp">
      <Filter>Simple-RTMP-Server</Filter>
    </ClCompile>
    <ClCompile Include="Src\Simple-RTMP-Server\trunk\src\kernel\srs_kernel_consts.cpp">
      <Filter>Simple-RTMP-Server</Filter>
    </ClCompile>
    <ClCompile Include="Src\Simple-RTMP-Server\trunk\src\kernel\srs_kernel_error.cpp">
      <Filter>Simple-RTMP-Server</Filter>
    </ClCompile>
    <ClCompile Include="Src\Simple-RTMP-Server\trunk\src\kernel\srs_kernel_file.cpp">
      <Filter>Simple-RTMP-Server</Filter>
    </ClCompile>
    <ClCompile Include="Src\Simple-RTMP-Server\trunk\src\kernel\srs_kernel_flv.cpp">
      <Filter>Simple-RTMP-Server</Filter>
    </ClCompile>
    <ClCompile Include="Src\Simple-RTMP-Server\trunk\src\kernel\srs_kernel_io.cpp">
      <Filter>Simple-RTMP-Server</Filter>
    </ClCompile>
    <ClCompile Include="Src\Simple-RTMP-Server\trunk\src\kernel\srs_kernel_log.cpp">
      <Filter>Simple-RTMP-Server</Filter>
    </ClCompile>
    <ClCompile Include="Src\Simple-RTMP-Server\trunk\src\kernel\srs_kernel_mp3.cpp">
      <Filter>Simple-RTMP-Server</Filter>
    </ClCompile>
    <ClCompile Include="Src\Simple-RTMP-Server\trunk\src\kernel\srs_kernel_mp4.cpp">
      <Filter>Simple-RTMP-Server</Filter>
    </ClCompile>
    <ClCompile Include="Src\Simple-RTMP-Server\trunk\src\kernel\srs_kernel_stream.cpp">
      <Filter>Simple-RTMP-Server</Filter>
    </ClCompile>
    <ClCompile Include="Src\Simple-RTMP-Server\trunk\src\kernel\srs_kernel_ts.cpp">
      <Filter>Simple-RTMP-Server</Filter>
    </ClCompile>
    <ClCompile Include="Src\Simple-RTMP-Server\trunk\src\kernel\srs_kernel_utility.cpp">
      <Filter>Simple-RTMP-Server</Filter>
    </ClCompile>
    <ClCompile Include="Src\Simple-RTMP-Server\trunk\src\libs\srs_lib_bandwidth.cpp">
      <Filter>Simple-RTMP-Server</Filter>
    </ClCompile>
    <ClCompile Include="Src\Simple-RTMP-Server\trunk\src\libs\srs_lib_simple_socket.cpp">
      <Filter>Simple-RTMP-Server</Filter>
    </ClCompile>
    <ClCompile Include="Src\Simple-RTMP-Server\trunk\src\libs\srs_librtmp.cpp">
      <Filter>Simple-RTMP-Server</Filter>
    </ClCompile>
    <ClCompile Include="Src\Simple-RTMP-Server\trunk\src\protocol\srs_protocol_amf0.cpp">
      <Filter>Simple-RTMP-Server</Filter>
    </ClCompile>
    <ClCompile Include="Src\Simple-RTMP-Server\trunk\src\protocol\srs_protocol_format.cpp">
      <Filter>Simple-RTMP-Server</Filter>
    </ClCompile>
    <ClCompile Include="Src\Simple-RTMP-Server\trunk\src\protocol\srs_protocol_io.cpp">
      <Filter>Simple-RTMP-Server</Filter>
    </ClCompile>
    <ClCompile Include="Src\Simple-RTMP-Server\trunk\src\protocol\srs_protocol_json.cpp">
      <Filter>Simple-RTMP-Server</Filter>
    </ClCompile>
    <ClCompile Include="Src\Simple-RTMP-Server\trunk\src\protocol\srs_protocol_kbps.cpp">
      <Filter>Simple-RTMP-Server</Filter>
    </ClCompile>
    <ClCompile Include="Src\Simple-RTMP-Server\trunk\src\protocol\srs_protocol_stream.cpp">
      <Filter>Simple-RTMP-Server</Filter>
    </ClCompile>
    <ClCompile Include="Src\Simple-RTMP-Server\trunk\src\protocol\srs_protocol_utility.cpp">
      <Filter>Simple-RTMP-Server</Filter>
    </ClCompile>
    <ClCompile Include="Src\Simple-RTMP-Server\trunk\src\protocol\srs_raw_avc.cpp">
      <Filter>Simple-RTMP-Server</Filter>
    </ClCompile>
    <ClCompile Include="Src\Simple-RTMP-Server\trunk\src\protocol\srs_rtmp_handshake.cpp">
      <Filter>Simple-RTMP-Server</Filter>
    </ClCompile>
    <ClCompile Include="Src\Simple-RTMP-Server\trunk\src\protocol\srs_rtmp_msg_array.cpp">
      <Filter>Simple-RTMP-Server</Filter>
    </ClCompile>
    <ClCompile Include="Src\Simple-RTMP-Server\trunk\src\protocol\srs_rtmp_stack.cpp">
      <Filter>Simple-RTMP-Server</Filter>
    </ClCompile>
    <ClCompile Include="Src\Simple-RTMP-Server\trunk\src\protocol\srs_rtsp_stack.cpp">
      <Filter>Simple-RTMP-Server</Filter>
    </ClCompile>
    <ClCompile Include="Src\Simple-RTMP-Server\trunk\src\service\srs_service_conn.cpp">
      <Filter>Simple-RTMP-Server</Filter>
    </ClCompile>
    <ClCompile Include="Src\Simple-RTMP-Server\trunk\src\service\srs_service_http_client.cpp">
      <Filter>Simple-RTMP-Server</Filter>
    </ClCompile>
    <ClCompile Include="Src\Simple-RTMP-Server\trunk\src\service\srs_service_http_conn.cpp">
      <Filter>Simple-RTMP-Server</Filter>
    </ClCompile>
    <ClCompile Include="Src\Simple-RTMP-Server\trunk\src\service\srs_service_log.cpp">
      <Filter>Simple-RTMP-Server</Filter>
    </ClCompile>
    <ClCompile Include="Src\Simple-RTMP-Server\trunk\src\service\srs_service_rtmp_conn.cpp">
      <Filter>Simple-RTMP-Server</Filter>
    </ClCompile>
    <ClCompile Include="Src\Simple-RTMP-Server\trunk\src\service\srs_service_st.cpp">
      <Filter>Simple-RTMP-Server</Filter>
    </ClCompile>
    <ClCompile Include="Src\Simple-RTMP-Server\trunk\src\service\srs_service_utility.cpp">
      <Filter>Simple-RTMP-Server</Filter>
    </ClCompile>
    <ClCompile Include="Src\RTMPClient.cpp">
      <Filter>源文件</Filter>
    </ClCompile>
    <ClCompile Include="Src\RTMPPusher.cpp">
      <Filter>源文件</Filter>
    </ClCompile>
    <ClCompile Include="Src\RTMPServer.cpp">
      <Filter>源文件</Filter>
    </ClCompile>
    <ClCompile Include="Src\Simple-RTMP-Server\trunk\src\main\srs_main_ingest_hls.cpp">
      <Filter>Simple-RTMP-Server</Filter>
    </ClCompile>
    <ClCompile Include="Src\Simple-RTMP-Server\trunk\src\main\srs_main_mp4_parser.cpp">
      <Filter>Simple-RTMP-Server</Filter>
    </ClCompile>
    <ClCompile Include="Src\Simple-RTMP-Server\trunk\src\main\srs_main_server.cpp">
      <Filter>Simple-RTMP-Server</Filter>
    </ClCompile>
  </ItemGroup>
</Project>