<?xml version="1.0" encoding="utf-8"?>
<Project ToolsVersion="4.0" xmlns="http://schemas.microsoft.com/developer/msbuild/2003">
  <ItemGroup>
    <Filter Include="源文件">
      <UniqueIdentifier>{4FC737F1-C7A5-4376-A066-2A32D752A2FF}</UniqueIdentifier>
      <Extensions>cpp;c;cc;cxx;def;odl;idl;hpj;bat;asm;asmx</Extensions>
    </Filter>
    <Filter Include="头文件">
      <UniqueIdentifier>{93995380-89BD-4b04-88EB-625FBE52EBFB}</UniqueIdentifier>
      <Extensions>h;hpp;hxx;hm;inl;inc;xsd</Extensions>
    </Filter>
    <Filter Include="资源文件">
      <UniqueIdentifier>{67DA6AB6-F800-4c08-8B7A-83BB121AAD01}</UniqueIdentifier>
      <Extensions>rc;ico;cur;bmp;dlg;rc2;rct;bin;rgs;gif;jpg;jpeg;jpe;resx;tiff;tif;png;wav</Extensions>
    </Filter>
    <Filter Include="db">
      <UniqueIdentifier>{e33f507f-e088-40e4-b01e-32cd0dbd0091}</UniqueIdentifier>
    </Filter>
    <Filter Include="value">
      <UniqueIdentifier>{bbba9210-5d19-4561-ab39-bb6f09b4830c}</UniqueIdentifier>
    </Filter>
    <Filter Include="dump">
      <UniqueIdentifier>{19281717-0801-4ff0-bb67-24cb417e875f}</UniqueIdentifier>
    </Filter>
    <Filter Include="communication">
      <UniqueIdentifier>{2351a076-1994-4626-ba06-614aea778bb9}</UniqueIdentifier>
    </Filter>
    <Filter Include="common">
      <UniqueIdentifier>{21b9507d-537a-4cb0-bb0b-a677e18f7214}</UniqueIdentifier>
    </Filter>
  </ItemGroup>
  <ItemGroup>
    <ClInclude Include="src\communication.h">
      <Filter>communication</Filter>
    </ClInclude>
    <ClInclude Include="src\storer.h">
      <Filter>dump</Filter>
    </ClInclude>
    <ClInclude Include="src\valueobject.h">
      <Filter>value</Filter>
    </ClInclude>
    <ClInclude Include="src\valuestring.h">
      <Filter>value</Filter>
    </ClInclude>
    <ClInclude Include="src\valuezset.h">
      <Filter>value</Filter>
    </ClInclude>
    <ClInclude Include="src\valuelist.h">
      <Filter>value</Filter>
    </ClInclude>
    <ClInclude Include="src\valuehash.h">
      <Filter>value</Filter>
    </ClInclude>
    <ClInclude Include="src\connection.h">
      <Filter>communication</Filter>
    </ClInclude>
    <ClInclude Include="src\dbkey_0.h">
      <Filter>db</Filter>
    </ClInclude>
    <ClInclude Include="src\dbstring_1.h">
      <Filter>db</Filter>
    </ClInclude>
    <ClInclude Include="src\dblist_2.h">
      <Filter>db</Filter>
    </ClInclude>
    <ClInclude Include="src\dbzset_3.h">
      <Filter>db</Filter>
    </ClInclude>
    <ClInclude Include="src\dbhash_4.h">
      <Filter>db</Filter>
    </ClInclude>
    <ClInclude Include="src\db.h">
      <Filter>db</Filter>
    </ClInclude>
    <ClInclude Include="src\keyobject.h">
      <Filter>db</Filter>
    </ClInclude>
    <ClInclude Include="src\redisprotocol.h">
      <Filter>communication</Filter>
    </ClInclude>
    <ClInclude Include="src\redisvalue.h">
      <Filter>communication</Filter>
    </ClInclude>
    <ClInclude Include="src\valuedata.h">
      <Filter>value</Filter>
    </ClInclude>
    <ClInclude Include="..\Include\Medis\Defs.h">
      <Filter>源文件</Filter>
    </ClInclude>
    <ClInclude Include="..\Include\Medis\Medis.h">
      <Filter>源文件</Filter>
    </ClInclude>
    <ClInclude Include="src\storefactory.h">
      <Filter>dump</Filter>
    </ClInclude>
    <ClInclude Include="src\memory.h">
      <Filter>common</Filter>
    </ClInclude>
  </ItemGroup>
  <ItemGroup>
    <ClCompile Include="src\Service.cpp">
      <Filter>源文件</Filter>
    </ClCompile>
  </ItemGroup>
</Project>