<?xml version="1.0" encoding="utf-8"?>
<Project ToolsVersion="4.0" xmlns="http://schemas.microsoft.com/developer/msbuild/2003">
  <ItemGroup>
    <Filter Include="base">
      <UniqueIdentifier>{f00bdc79-2ef9-4b60-b040-a173e36966f3}</UniqueIdentifier>
    </Filter>
    <Filter Include="htmlparser">
      <UniqueIdentifier>{1f27fa2b-3fd5-4f7e-a97a-8472b82c7044}</UniqueIdentifier>
    </Filter>
    <Filter Include="windows">
      <UniqueIdentifier>{2061a7cd-85bf-4b9a-9a8b-ae17e252c227}</UniqueIdentifier>
    </Filter>
  </ItemGroup>
  <ItemGroup>
    <ClCompile Include="src\diff_tpl_auto_escape.cc" />
    <ClCompile Include="src\make_tpl_varnames_h.cc" />
    <ClCompile Include="src\per_expand_data.cc" />
    <ClCompile Include="src\template.cc" />
    <ClCompile Include="src\template_annotator.cc" />
    <ClCompile Include="src\template_cache.cc" />
    <ClCompile Include="src\template_dictionary.cc" />
    <ClCompile Include="src\template_modifiers.cc" />
    <ClCompile Include="src\template_namelist.cc" />
    <ClCompile Include="src\template_pathops.cc" />
    <ClCompile Include="src\template_string.cc" />
    <ClCompile Include="src\base\arena.cc">
      <Filter>base</Filter>
    </ClCompile>
    <ClCompile Include="src\htmlparser\htmlparser.cc">
      <Filter>htmlparser</Filter>
    </ClCompile>
    <ClCompile Include="src\htmlparser\jsparser.cc">
      <Filter>htmlparser</Filter>
    </ClCompile>
    <ClCompile Include="src\htmlparser\statemachine.cc">
      <Filter>htmlparser</Filter>
    </ClCompile>
    <ClCompile Include="src\windows\port.cc">
      <Filter>windows</Filter>
    </ClCompile>
  </ItemGroup>
  <ItemGroup>
    <ClInclude Include="src\indented_writer.h" />
    <ClInclude Include="src\template_modifiers_internal.h" />
    <ClInclude Include="src\base\arena.h">
      <Filter>base</Filter>
    </ClInclude>
    <ClInclude Include="src\base\arena-inl.h">
      <Filter>base</Filter>
    </ClInclude>
    <ClInclude Include="src\base\fileutil.h">
      <Filter>base</Filter>
    </ClInclude>
    <ClInclude Include="src\base\macros.h">
      <Filter>base</Filter>
    </ClInclude>
    <ClInclude Include="src\base\manual_constructor.h">
      <Filter>base</Filter>
    </ClInclude>
    <ClInclude Include="src\base\small_map.h">
      <Filter>base</Filter>
    </ClInclude>
    <ClInclude Include="src\base\TEMPLATE_mutex.h">
      <Filter>base</Filter>
    </ClInclude>
    <ClInclude Include="src\base\thread_annotations.h">
      <Filter>base</Filter>
    </ClInclude>
    <ClInclude Include="src\base\util.h">
      <Filter>base</Filter>
    </ClInclude>
    <ClInclude Include="src\htmlparser\htmlparser.h">
      <Filter>htmlparser</Filter>
    </ClInclude>
    <ClInclude Include="src\htmlparser\htmlparser_cpp.h">
      <Filter>htmlparser</Filter>
    </ClInclude>
    <ClInclude Include="src\htmlparser\htmlparser_fsm.h">
      <Filter>htmlparser</Filter>
    </ClInclude>
    <ClInclude Include="src\htmlparser\jsparser.h">
      <Filter>htmlparser</Filter>
    </ClInclude>
    <ClInclude Include="src\htmlparser\jsparser_fsm.h">
      <Filter>htmlparser</Filter>
    </ClInclude>
    <ClInclude Include="src\htmlparser\statemachine.h">
      <Filter>htmlparser</Filter>
    </ClInclude>
    <ClInclude Include="src\windows\port.h">
      <Filter>windows</Filter>
    </ClInclude>
  </ItemGroup>
</Project>