<?xml version="1.0" encoding="utf-8"?>
<Project ToolsVersion="4.0" xmlns="http://schemas.microsoft.com/developer/msbuild/2003">
  <ItemGroup>
    <ClInclude Include="..\Include\HostIPC\HostIPC.h">
      <Filter>Include</Filter>
    </ClInclude>
    <ClInclude Include="..\Include\HostIPC\Defs.h">
      <Filter>Include</Filter>
    </ClInclude>
    <ClInclude Include="Src\HostIPC_Connecter.h">
      <Filter>Src</Filter>
    </ClInclude>
    <ClInclude Include="Src\HostIPC_Listner.h">
      <Filter>Src</Filter>
    </ClInclude>
    <ClInclude Include="Src\HostIPC_Object.h">
      <Filter>Src</Filter>
    </ClInclude>
  </ItemGroup>
  <ItemGroup>
    <ResourceCompile Include="Version.rc" />
  </ItemGroup>
  <ItemGroup>
    <None Include="..\Include\Network\Version.tpl">
      <Filter>Include</Filter>
    </None>
  </ItemGroup>
  <ItemGroup>
    <Filter Include="Include">
      <UniqueIdentifier>{07ac0154-773a-45d0-a284-34eaedc2814a}</UniqueIdentifier>
    </Filter>
    <Filter Include="Src">
      <UniqueIdentifier>{c60eb28d-f2a0-489a-8819-926d1dd02589}</UniqueIdentifier>
    </Filter>
  </ItemGroup>
  <ItemGroup>
    <ClCompile Include="Src\HostIPC.cpp">
      <Filter>Src</Filter>
    </ClCompile>
  </ItemGroup>
</Project>