<?xml version="1.0" encoding="utf-8"?>
<Project ToolsVersion="4.0" xmlns="http://schemas.microsoft.com/developer/msbuild/2003">
  <ItemGroup>
    <Filter Include="源文件">
      <UniqueIdentifier>{4FC737F1-C7A5-4376-A066-2A32D752A2FF}</UniqueIdentifier>
      <Extensions>cpp;c;cc;cxx;def;odl;idl;hpj;bat;asm;asmx</Extensions>
    </Filter>
    <Filter Include="头文件">
      <UniqueIdentifier>{93995380-89BD-4b04-88EB-625FBE52EBFB}</UniqueIdentifier>
      <Extensions>h;hpp;hxx;hm;inl;inc;xsd</Extensions>
    </Filter>
    <Filter Include="资源文件">
      <UniqueIdentifier>{67DA6AB6-F800-4c08-8B7A-83BB121AAD01}</UniqueIdentifier>
      <Extensions>rc;ico;cur;bmp;dlg;rc2;rct;bin;rgs;gif;jpg;jpeg;jpe;resx;tiff;tif;png;wav</Extensions>
    </Filter>
    <Filter Include="源文件\Simple-Web-Server-master">
      <UniqueIdentifier>{e129cb78-8d35-484e-99b9-dcaffe479522}</UniqueIdentifier>
    </Filter>
    <Filter Include="源文件\ctemplate">
      <UniqueIdentifier>{def5a43a-215a-40ba-861d-576c4cb18bdd}</UniqueIdentifier>
    </Filter>
    <Filter Include="源文件\ctemplate\base">
      <UniqueIdentifier>{a42601c4-6184-4a3c-b1d9-4e071d59f2a9}</UniqueIdentifier>
    </Filter>
    <Filter Include="源文件\ctemplate\htmlparser">
      <UniqueIdentifier>{5f028504-287f-4628-8309-6805f0e44653}</UniqueIdentifier>
    </Filter>
    <Filter Include="源文件\ctemplate\windows">
      <UniqueIdentifier>{f5dde9de-7142-473c-b908-1be92f5d547f}</UniqueIdentifier>
    </Filter>
    <Filter Include="源文件\98">
      <UniqueIdentifier>{dbc80fc7-636a-4de5-a270-2acd4f37bcf6}</UniqueIdentifier>
    </Filter>
    <Filter Include="源文件\98\shttpd">
      <UniqueIdentifier>{9dd24ba7-bc1b-4b90-a17e-0bbb284b9b9e}</UniqueIdentifier>
    </Filter>
    <Filter Include="源文件\98\curl">
      <UniqueIdentifier>{ae8180d5-2015-4b24-806c-e54716e1c44c}</UniqueIdentifier>
    </Filter>
    <Filter Include="源文件\98\curl\vauth">
      <UniqueIdentifier>{fe81f00c-f8c5-4712-b12b-e0b5db7c29ea}</UniqueIdentifier>
    </Filter>
    <Filter Include="源文件\98\curl\vtls">
      <UniqueIdentifier>{c7af5881-b954-49c6-8bff-799319a00f70}</UniqueIdentifier>
    </Filter>
  </ItemGroup>
  <ItemGroup>
    <ClInclude Include="Src\Simple-Web-Server-master\client_http.hpp">
      <Filter>源文件\Simple-Web-Server-master</Filter>
    </ClInclude>
    <ClInclude Include="Src\Simple-Web-Server-master\client_https.hpp">
      <Filter>源文件\Simple-Web-Server-master</Filter>
    </ClInclude>
    <ClInclude Include="Src\Simple-Web-Server-master\server_http.hpp">
      <Filter>源文件\Simple-Web-Server-master</Filter>
    </ClInclude>
    <ClInclude Include="Src\Simple-Web-Server-master\server_https.hpp">
      <Filter>源文件\Simple-Web-Server-master</Filter>
    </ClInclude>
    <ClInclude Include="Src\Simple-Web-Server-master\status_code.hpp">
      <Filter>源文件\Simple-Web-Server-master</Filter>
    </ClInclude>
    <ClInclude Include="..\Include\HTTP\Defs.h">
      <Filter>头文件</Filter>
    </ClInclude>
    <ClInclude Include="..\Include\HTTP\HTTPClient.h">
      <Filter>头文件</Filter>
    </ClInclude>
    <ClInclude Include="..\Include\HTTP\HTTPPublic.h">
      <Filter>头文件</Filter>
    </ClInclude>
    <ClInclude Include="..\Include\HTTP\HTTPServer.h">
      <Filter>头文件</Filter>
    </ClInclude>
    <ClInclude Include="Src\98\shttpd\compat_rtems.h">
      <Filter>源文件\98\shttpd</Filter>
    </ClInclude>
    <ClInclude Include="Src\98\shttpd\compat_unix.h">
      <Filter>源文件\98\shttpd</Filter>
    </ClInclude>
    <ClInclude Include="Src\98\shttpd\compat_win32.h">
      <Filter>源文件\98\shttpd</Filter>
    </ClInclude>
    <ClInclude Include="Src\98\shttpd\compat_wince.h">
      <Filter>源文件\98\shttpd</Filter>
    </ClInclude>
    <ClInclude Include="Src\98\shttpd\config.h">
      <Filter>源文件\98\shttpd</Filter>
    </ClInclude>
    <ClInclude Include="Src\98\shttpd\defs.h">
      <Filter>源文件\98\shttpd</Filter>
    </ClInclude>
    <ClInclude Include="Src\98\shttpd\io.h">
      <Filter>源文件\98\shttpd</Filter>
    </ClInclude>
    <ClInclude Include="Src\98\shttpd\llist.h">
      <Filter>源文件\98\shttpd</Filter>
    </ClInclude>
    <ClInclude Include="Src\98\shttpd\md5.h">
      <Filter>源文件\98\shttpd</Filter>
    </ClInclude>
    <ClInclude Include="Src\98\shttpd\shttpd.h">
      <Filter>源文件\98\shttpd</Filter>
    </ClInclude>
    <ClInclude Include="Src\98\shttpd\ssl.h">
      <Filter>源文件\98\shttpd</Filter>
    </ClInclude>
    <ClInclude Include="Src\98\shttpd\std_includes.h">
      <Filter>源文件\98\shttpd</Filter>
    </ClInclude>
    <ClInclude Include="Src\98\curl\amigaos.h">
      <Filter>源文件\98\curl</Filter>
    </ClInclude>
    <ClInclude Include="Src\98\curl\arpa_telnet.h">
      <Filter>源文件\98\curl</Filter>
    </ClInclude>
    <ClInclude Include="Src\98\curl\asyn.h">
      <Filter>源文件\98\curl</Filter>
    </ClInclude>
    <ClInclude Include="Src\98\curl\config-amigaos.h">
      <Filter>源文件\98\curl</Filter>
    </ClInclude>
    <ClInclude Include="Src\98\curl\config-dos.h">
      <Filter>源文件\98\curl</Filter>
    </ClInclude>
    <ClInclude Include="Src\98\curl\config-mac.h">
      <Filter>源文件\98\curl</Filter>
    </ClInclude>
    <ClInclude Include="Src\98\curl\config-os400.h">
      <Filter>源文件\98\curl</Filter>
    </ClInclude>
    <ClInclude Include="Src\98\curl\config-riscos.h">
      <Filter>源文件\98\curl</Filter>
    </ClInclude>
    <ClInclude Include="Src\98\curl\config-symbian.h">
      <Filter>源文件\98\curl</Filter>
    </ClInclude>
    <ClInclude Include="Src\98\curl\config-tpf.h">
      <Filter>源文件\98\curl</Filter>
    </ClInclude>
    <ClInclude Include="Src\98\curl\config-vxworks.h">
      <Filter>源文件\98\curl</Filter>
    </ClInclude>
    <ClInclude Include="Src\98\curl\config-win32.h">
      <Filter>源文件\98\curl</Filter>
    </ClInclude>
    <ClInclude Include="Src\98\curl\config-win32ce.h">
      <Filter>源文件\98\curl</Filter>
    </ClInclude>
    <ClInclude Include="Src\98\curl\conncache.h">
      <Filter>源文件\98\curl</Filter>
    </ClInclude>
    <ClInclude Include="Src\98\curl\connect.h">
      <Filter>源文件\98\curl</Filter>
    </ClInclude>
    <ClInclude Include="Src\98\curl\content_encoding.h">
      <Filter>源文件\98\curl</Filter>
    </ClInclude>
    <ClInclude Include="Src\98\curl\cookie.h">
      <Filter>源文件\98\curl</Filter>
    </ClInclude>
    <ClInclude Include="Src\98\curl\curl.h">
      <Filter>源文件\98\curl</Filter>
    </ClInclude>
    <ClInclude Include="Src\98\curl\curl_addrinfo.h">
      <Filter>源文件\98\curl</Filter>
    </ClInclude>
    <ClInclude Include="Src\98\curl\curl_base64.h">
      <Filter>源文件\98\curl</Filter>
    </ClInclude>
    <ClInclude Include="Src\98\curl\curl_config.h">
      <Filter>源文件\98\curl</Filter>
    </ClInclude>
    <ClInclude Include="Src\98\curl\curl_des.h">
      <Filter>源文件\98\curl</Filter>
    </ClInclude>
    <ClInclude Include="Src\98\curl\curl_endian.h">
      <Filter>源文件\98\curl</Filter>
    </ClInclude>
    <ClInclude Include="Src\98\curl\curl_fnmatch.h">
      <Filter>源文件\98\curl</Filter>
    </ClInclude>
    <ClInclude Include="Src\98\curl\curl_gethostname.h">
      <Filter>源文件\98\curl</Filter>
    </ClInclude>
    <ClInclude Include="Src\98\curl\curl_gssapi.h">
      <Filter>源文件\98\curl</Filter>
    </ClInclude>
    <ClInclude Include="Src\98\curl\curl_hmac.h">
      <Filter>源文件\98\curl</Filter>
    </ClInclude>
    <ClInclude Include="Src\98\curl\curl_ldap.h">
      <Filter>源文件\98\curl</Filter>
    </ClInclude>
    <ClInclude Include="Src\98\curl\curl_md4.h">
      <Filter>源文件\98\curl</Filter>
    </ClInclude>
    <ClInclude Include="Src\98\curl\curl_md5.h">
      <Filter>源文件\98\curl</Filter>
    </ClInclude>
    <ClInclude Include="Src\98\curl\curl_memory.h">
      <Filter>源文件\98\curl</Filter>
    </ClInclude>
    <ClInclude Include="Src\98\curl\curl_memrchr.h">
      <Filter>源文件\98\curl</Filter>
    </ClInclude>
    <ClInclude Include="Src\98\curl\curl_multibyte.h">
      <Filter>源文件\98\curl</Filter>
    </ClInclude>
    <ClInclude Include="Src\98\curl\curl_ntlm_core.h">
      <Filter>源文件\98\curl</Filter>
    </ClInclude>
    <ClInclude Include="Src\98\curl\curl_ntlm_wb.h">
      <Filter>源文件\98\curl</Filter>
    </ClInclude>
    <ClInclude Include="Src\98\curl\curl_printf.h">
      <Filter>源文件\98\curl</Filter>
    </ClInclude>
    <ClInclude Include="Src\98\curl\curl_rtmp.h">
      <Filter>源文件\98\curl</Filter>
    </ClInclude>
    <ClInclude Include="Src\98\curl\curl_sasl.h">
      <Filter>源文件\98\curl</Filter>
    </ClInclude>
    <ClInclude Include="Src\98\curl\curl_sec.h">
      <Filter>源文件\98\curl</Filter>
    </ClInclude>
    <ClInclude Include="Src\98\curl\curl_setup.h">
      <Filter>源文件\98\curl</Filter>
    </ClInclude>
    <ClInclude Include="Src\98\curl\curl_setup_once.h">
      <Filter>源文件\98\curl</Filter>
    </ClInclude>
    <ClInclude Include="Src\98\curl\curl_sspi.h">
      <Filter>源文件\98\curl</Filter>
    </ClInclude>
    <ClInclude Include="Src\98\curl\curl_threads.h">
      <Filter>源文件\98\curl</Filter>
    </ClInclude>
    <ClInclude Include="Src\98\curl\curlbuild.h">
      <Filter>源文件\98\curl</Filter>
    </ClInclude>
    <ClInclude Include="Src\98\curl\curlrules.h">
      <Filter>源文件\98\curl</Filter>
    </ClInclude>
    <ClInclude Include="Src\98\curl\curlver.h">
      <Filter>源文件\98\curl</Filter>
    </ClInclude>
    <ClInclude Include="Src\98\curl\curlx.h">
      <Filter>源文件\98\curl</Filter>
    </ClInclude>
    <ClInclude Include="Src\98\curl\dict.h">
      <Filter>源文件\98\curl</Filter>
    </ClInclude>
    <ClInclude Include="Src\98\curl\dotdot.h">
      <Filter>源文件\98\curl</Filter>
    </ClInclude>
    <ClInclude Include="Src\98\curl\easy.h">
      <Filter>源文件\98\curl</Filter>
    </ClInclude>
    <ClInclude Include="Src\98\curl\easyif.h">
      <Filter>源文件\98\curl</Filter>
    </ClInclude>
    <ClInclude Include="Src\98\curl\escape.h">
      <Filter>源文件\98\curl</Filter>
    </ClInclude>
    <ClInclude Include="Src\98\curl\file.h">
      <Filter>源文件\98\curl</Filter>
    </ClInclude>
    <ClInclude Include="Src\98\curl\fileinfo.h">
      <Filter>源文件\98\curl</Filter>
    </ClInclude>
    <ClInclude Include="Src\98\curl\formdata.h">
      <Filter>源文件\98\curl</Filter>
    </ClInclude>
    <ClInclude Include="Src\98\curl\ftp.h">
      <Filter>源文件\98\curl</Filter>
    </ClInclude>
    <ClInclude Include="Src\98\curl\ftplistparser.h">
      <Filter>源文件\98\curl</Filter>
    </ClInclude>
    <ClInclude Include="Src\98\curl\getinfo.h">
      <Filter>源文件\98\curl</Filter>
    </ClInclude>
    <ClInclude Include="Src\98\curl\gopher.h">
      <Filter>源文件\98\curl</Filter>
    </ClInclude>
    <ClInclude Include="Src\98\curl\hash.h">
      <Filter>源文件\98\curl</Filter>
    </ClInclude>
    <ClInclude Include="Src\98\curl\hostcheck.h">
      <Filter>源文件\98\curl</Filter>
    </ClInclude>
    <ClInclude Include="Src\98\curl\hostip.h">
      <Filter>源文件\98\curl</Filter>
    </ClInclude>
    <ClInclude Include="Src\98\curl\http.h">
      <Filter>源文件\98\curl</Filter>
    </ClInclude>
    <ClInclude Include="Src\98\curl\http_chunks.h">
      <Filter>源文件\98\curl</Filter>
    </ClInclude>
    <ClInclude Include="Src\98\curl\http_digest.h">
      <Filter>源文件\98\curl</Filter>
    </ClInclude>
    <ClInclude Include="Src\98\curl\http_negotiate.h">
      <Filter>源文件\98\curl</Filter>
    </ClInclude>
    <ClInclude Include="Src\98\curl\http_ntlm.h">
      <Filter>源文件\98\curl</Filter>
    </ClInclude>
    <ClInclude Include="Src\98\curl\http_proxy.h">
      <Filter>源文件\98\curl</Filter>
    </ClInclude>
    <ClInclude Include="Src\98\curl\http2.h">
      <Filter>源文件\98\curl</Filter>
    </ClInclude>
    <ClInclude Include="Src\98\curl\if2ip.h">
      <Filter>源文件\98\curl</Filter>
    </ClInclude>
    <ClInclude Include="Src\98\curl\imap.h">
      <Filter>源文件\98\curl</Filter>
    </ClInclude>
    <ClInclude Include="Src\98\curl\inet_ntop.h">
      <Filter>源文件\98\curl</Filter>
    </ClInclude>
    <ClInclude Include="Src\98\curl\inet_pton.h">
      <Filter>源文件\98\curl</Filter>
    </ClInclude>
    <ClInclude Include="Src\98\curl\llist.h">
      <Filter>源文件\98\curl</Filter>
    </ClInclude>
    <ClInclude Include="Src\98\curl\memdebug.h">
      <Filter>源文件\98\curl</Filter>
    </ClInclude>
    <ClInclude Include="Src\98\curl\mprintf.h">
      <Filter>源文件\98\curl</Filter>
    </ClInclude>
    <ClInclude Include="Src\98\curl\multi.h">
      <Filter>源文件\98\curl</Filter>
    </ClInclude>
    <ClInclude Include="Src\98\curl\multihandle.h">
      <Filter>源文件\98\curl</Filter>
    </ClInclude>
    <ClInclude Include="Src\98\curl\multiif.h">
      <Filter>源文件\98\curl</Filter>
    </ClInclude>
    <ClInclude Include="Src\98\curl\netrc.h">
      <Filter>源文件\98\curl</Filter>
    </ClInclude>
    <ClInclude Include="Src\98\curl\non-ascii.h">
      <Filter>源文件\98\curl</Filter>
    </ClInclude>
    <ClInclude Include="Src\98\curl\nonblock.h">
      <Filter>源文件\98\curl</Filter>
    </ClInclude>
    <ClInclude Include="Src\98\curl\parsedate.h">
      <Filter>源文件\98\curl</Filter>
    </ClInclude>
    <ClInclude Include="Src\98\curl\pingpong.h">
      <Filter>源文件\98\curl</Filter>
    </ClInclude>
    <ClInclude Include="Src\98\curl\pipeline.h">
      <Filter>源文件\98\curl</Filter>
    </ClInclude>
    <ClInclude Include="Src\98\curl\pop3.h">
      <Filter>源文件\98\curl</Filter>
    </ClInclude>
    <ClInclude Include="Src\98\curl\progress.h">
      <Filter>源文件\98\curl</Filter>
    </ClInclude>
    <ClInclude Include="Src\98\curl\rand.h">
      <Filter>源文件\98\curl</Filter>
    </ClInclude>
    <ClInclude Include="Src\98\curl\rtsp.h">
      <Filter>源文件\98\curl</Filter>
    </ClInclude>
    <ClInclude Include="Src\98\curl\select.h">
      <Filter>源文件\98\curl</Filter>
    </ClInclude>
    <ClInclude Include="Src\98\curl\sendf.h">
      <Filter>源文件\98\curl</Filter>
    </ClInclude>
    <ClInclude Include="Src\98\curl\setup-os400.h">
      <Filter>源文件\98\curl</Filter>
    </ClInclude>
    <ClInclude Include="Src\98\curl\setup-vms.h">
      <Filter>源文件\98\curl</Filter>
    </ClInclude>
    <ClInclude Include="Src\98\curl\share.h">
      <Filter>源文件\98\curl</Filter>
    </ClInclude>
    <ClInclude Include="Src\98\curl\sigpipe.h">
      <Filter>源文件\98\curl</Filter>
    </ClInclude>
    <ClInclude Include="Src\98\curl\slist.h">
      <Filter>源文件\98\curl</Filter>
    </ClInclude>
    <ClInclude Include="Src\98\curl\smb.h">
      <Filter>源文件\98\curl</Filter>
    </ClInclude>
    <ClInclude Include="Src\98\curl\smtp.h">
      <Filter>源文件\98\curl</Filter>
    </ClInclude>
    <ClInclude Include="Src\98\curl\sockaddr.h">
      <Filter>源文件\98\curl</Filter>
    </ClInclude>
    <ClInclude Include="Src\98\curl\socks.h">
      <Filter>源文件\98\curl</Filter>
    </ClInclude>
    <ClInclude Include="Src\98\curl\speedcheck.h">
      <Filter>源文件\98\curl</Filter>
    </ClInclude>
    <ClInclude Include="Src\98\curl\splay.h">
      <Filter>源文件\98\curl</Filter>
    </ClInclude>
    <ClInclude Include="Src\98\curl\ssh.h">
      <Filter>源文件\98\curl</Filter>
    </ClInclude>
    <ClInclude Include="Src\98\curl\stdcheaders.h">
      <Filter>源文件\98\curl</Filter>
    </ClInclude>
    <ClInclude Include="Src\98\curl\strcase.h">
      <Filter>源文件\98\curl</Filter>
    </ClInclude>
    <ClInclude Include="Src\98\curl\strdup.h">
      <Filter>源文件\98\curl</Filter>
    </ClInclude>
    <ClInclude Include="Src\98\curl\strerror.h">
      <Filter>源文件\98\curl</Filter>
    </ClInclude>
    <ClInclude Include="Src\98\curl\strtok.h">
      <Filter>源文件\98\curl</Filter>
    </ClInclude>
    <ClInclude Include="Src\98\curl\strtoofft.h">
      <Filter>源文件\98\curl</Filter>
    </ClInclude>
    <ClInclude Include="Src\98\curl\system_win32.h">
      <Filter>源文件\98\curl</Filter>
    </ClInclude>
    <ClInclude Include="Src\98\curl\telnet.h">
      <Filter>源文件\98\curl</Filter>
    </ClInclude>
    <ClInclude Include="Src\98\curl\tftp.h">
      <Filter>源文件\98\curl</Filter>
    </ClInclude>
    <ClInclude Include="Src\98\curl\timeval.h">
      <Filter>源文件\98\curl</Filter>
    </ClInclude>
    <ClInclude Include="Src\98\curl\transfer.h">
      <Filter>源文件\98\curl</Filter>
    </ClInclude>
    <ClInclude Include="Src\98\curl\typecheck-gcc.h">
      <Filter>源文件\98\curl</Filter>
    </ClInclude>
    <ClInclude Include="Src\98\curl\url.h">
      <Filter>源文件\98\curl</Filter>
    </ClInclude>
    <ClInclude Include="Src\98\curl\urldata.h">
      <Filter>源文件\98\curl</Filter>
    </ClInclude>
    <ClInclude Include="Src\98\curl\warnless.h">
      <Filter>源文件\98\curl</Filter>
    </ClInclude>
    <ClInclude Include="Src\98\curl\wildcard.h">
      <Filter>源文件\98\curl</Filter>
    </ClInclude>
    <ClInclude Include="Src\98\curl\x509asn1.h">
      <Filter>源文件\98\curl</Filter>
    </ClInclude>
    <ClInclude Include="Src\98\curl\vtls\axtls.h">
      <Filter>源文件\98\curl\vtls</Filter>
    </ClInclude>
    <ClInclude Include="Src\98\curl\vtls\cyassl.h">
      <Filter>源文件\98\curl\vtls</Filter>
    </ClInclude>
    <ClInclude Include="Src\98\curl\vtls\darwinssl.h">
      <Filter>源文件\98\curl\vtls</Filter>
    </ClInclude>
    <ClInclude Include="Src\98\curl\vtls\gskit.h">
      <Filter>源文件\98\curl\vtls</Filter>
    </ClInclude>
    <ClInclude Include="Src\98\curl\vtls\gtls.h">
      <Filter>源文件\98\curl\vtls</Filter>
    </ClInclude>
    <ClInclude Include="Src\98\curl\vtls\mbedtls.h">
      <Filter>源文件\98\curl\vtls</Filter>
    </ClInclude>
    <ClInclude Include="Src\98\curl\vtls\nssg.h">
      <Filter>源文件\98\curl\vtls</Filter>
    </ClInclude>
    <ClInclude Include="Src\98\curl\vtls\openssl.h">
      <Filter>源文件\98\curl\vtls</Filter>
    </ClInclude>
    <ClInclude Include="Src\98\curl\vtls\polarssl.h">
      <Filter>源文件\98\curl\vtls</Filter>
    </ClInclude>
    <ClInclude Include="Src\98\curl\vtls\polarssl_threadlock.h">
      <Filter>源文件\98\curl\vtls</Filter>
    </ClInclude>
    <ClInclude Include="Src\98\curl\vtls\schannel.h">
      <Filter>源文件\98\curl\vtls</Filter>
    </ClInclude>
    <ClInclude Include="Src\98\curl\vtls\vtls.h">
      <Filter>源文件\98\curl\vtls</Filter>
    </ClInclude>
    <ClInclude Include="Src\98\curl\vauth\digest.h">
      <Filter>源文件\98\curl\vauth</Filter>
    </ClInclude>
    <ClInclude Include="Src\98\curl\vauth\ntlm.h">
      <Filter>源文件\98\curl\vauth</Filter>
    </ClInclude>
    <ClInclude Include="Src\98\curl\vauth\vauth.h">
      <Filter>源文件\98\curl\vauth</Filter>
    </ClInclude>
  </ItemGroup>
  <ItemGroup>
    <ResourceCompile Include="Version.rc">
      <Filter>资源文件</Filter>
    </ResourceCompile>
  </ItemGroup>
  <ItemGroup>
    <ClCompile Include="Src\ctemplate\base\arena.cc">
      <Filter>源文件\ctemplate\base</Filter>
    </ClCompile>
    <ClCompile Include="Src\ctemplate\htmlparser\htmlparser.cc">
      <Filter>源文件\ctemplate\htmlparser</Filter>
    </ClCompile>
    <ClCompile Include="Src\ctemplate\htmlparser\jsparser.cc">
      <Filter>源文件\ctemplate\htmlparser</Filter>
    </ClCompile>
    <ClCompile Include="Src\ctemplate\htmlparser\statemachine.cc">
      <Filter>源文件\ctemplate\htmlparser</Filter>
    </ClCompile>
    <ClCompile Include="Src\ctemplate\windows\port.cc">
      <Filter>源文件\ctemplate\windows</Filter>
    </ClCompile>
    <ClCompile Include="Src\ctemplate\diff_tpl_auto_escape.cc">
      <Filter>源文件\ctemplate</Filter>
    </ClCompile>
    <ClCompile Include="Src\ctemplate\make_tpl_varnames_h.cc">
      <Filter>源文件\ctemplate</Filter>
    </ClCompile>
    <ClCompile Include="Src\ctemplate\per_expand_data.cc">
      <Filter>源文件\ctemplate</Filter>
    </ClCompile>
    <ClCompile Include="Src\ctemplate\template.cc">
      <Filter>源文件\ctemplate</Filter>
    </ClCompile>
    <ClCompile Include="Src\ctemplate\template_annotator.cc">
      <Filter>源文件\ctemplate</Filter>
    </ClCompile>
    <ClCompile Include="Src\ctemplate\template_cache.cc">
      <Filter>源文件\ctemplate</Filter>
    </ClCompile>
    <ClCompile Include="Src\ctemplate\template_dictionary.cc">
      <Filter>源文件\ctemplate</Filter>
    </ClCompile>
    <ClCompile Include="Src\ctemplate\template_modifiers.cc">
      <Filter>源文件\ctemplate</Filter>
    </ClCompile>
    <ClCompile Include="Src\ctemplate\template_namelist.cc">
      <Filter>源文件\ctemplate</Filter>
    </ClCompile>
    <ClCompile Include="Src\ctemplate\template_pathops.cc">
      <Filter>源文件\ctemplate</Filter>
    </ClCompile>
    <ClCompile Include="Src\ctemplate\template_string.cc">
      <Filter>源文件\ctemplate</Filter>
    </ClCompile>
    <ClCompile Include="Src\HTTPClient.cpp">
      <Filter>源文件</Filter>
    </ClCompile>
    <ClCompile Include="Src\HTTPPublic.cpp">
      <Filter>源文件</Filter>
    </ClCompile>
    <ClCompile Include="Src\HTTPServer.cpp">
      <Filter>源文件</Filter>
    </ClCompile>
    <ClCompile Include="Src\HTTPTemplate.cpp">
      <Filter>源文件</Filter>
    </ClCompile>
    <ClCompile Include="Src\98\shttpd\auth.c">
      <Filter>源文件\98\shttpd</Filter>
    </ClCompile>
    <ClCompile Include="Src\98\shttpd\cgi.c">
      <Filter>源文件\98\shttpd</Filter>
    </ClCompile>
    <ClCompile Include="Src\98\shttpd\compat_rtems.c">
      <Filter>源文件\98\shttpd</Filter>
    </ClCompile>
    <ClCompile Include="Src\98\shttpd\compat_unix.c">
      <Filter>源文件\98\shttpd</Filter>
    </ClCompile>
    <ClCompile Include="Src\98\shttpd\compat_win32.c">
      <Filter>源文件\98\shttpd</Filter>
    </ClCompile>
    <ClCompile Include="Src\98\shttpd\compat_wince.c">
      <Filter>源文件\98\shttpd</Filter>
    </ClCompile>
    <ClCompile Include="Src\98\shttpd\io_cgi.c">
      <Filter>源文件\98\shttpd</Filter>
    </ClCompile>
    <ClCompile Include="Src\98\shttpd\io_dir.c">
      <Filter>源文件\98\shttpd</Filter>
    </ClCompile>
    <ClCompile Include="Src\98\shttpd\io_emb.c">
      <Filter>源文件\98\shttpd</Filter>
    </ClCompile>
    <ClCompile Include="Src\98\shttpd\io_file.c">
      <Filter>源文件\98\shttpd</Filter>
    </ClCompile>
    <ClCompile Include="Src\98\shttpd\io_socket.c">
      <Filter>源文件\98\shttpd</Filter>
    </ClCompile>
    <ClCompile Include="Src\98\shttpd\io_ssi.c">
      <Filter>源文件\98\shttpd</Filter>
    </ClCompile>
    <ClCompile Include="Src\98\shttpd\io_ssl.c">
      <Filter>源文件\98\shttpd</Filter>
    </ClCompile>
    <ClCompile Include="Src\98\shttpd\log.c">
      <Filter>源文件\98\shttpd</Filter>
    </ClCompile>
    <ClCompile Include="Src\98\shttpd\md5.c">
      <Filter>源文件\98\shttpd</Filter>
    </ClCompile>
    <ClCompile Include="Src\98\shttpd\shttpd.c">
      <Filter>源文件\98\shttpd</Filter>
    </ClCompile>
    <ClCompile Include="Src\98\shttpd\standalone.c">
      <Filter>源文件\98\shttpd</Filter>
    </ClCompile>
    <ClCompile Include="Src\98\shttpd\string.c">
      <Filter>源文件\98\shttpd</Filter>
    </ClCompile>
    <ClCompile Include="Src\98\curl\amigaos.c">
      <Filter>源文件\98\curl</Filter>
    </ClCompile>
    <ClCompile Include="Src\98\curl\asyn-ares.c">
      <Filter>源文件\98\curl</Filter>
    </ClCompile>
    <ClCompile Include="Src\98\curl\asyn-thread.c">
      <Filter>源文件\98\curl</Filter>
    </ClCompile>
    <ClCompile Include="Src\98\curl\base64.c">
      <Filter>源文件\98\curl</Filter>
    </ClCompile>
    <ClCompile Include="Src\98\curl\conncache.c">
      <Filter>源文件\98\curl</Filter>
    </ClCompile>
    <ClCompile Include="Src\98\curl\connect.c">
      <Filter>源文件\98\curl</Filter>
    </ClCompile>
    <ClCompile Include="Src\98\curl\content_encoding.c">
      <Filter>源文件\98\curl</Filter>
    </ClCompile>
    <ClCompile Include="Src\98\curl\cookie.c">
      <Filter>源文件\98\curl</Filter>
    </ClCompile>
    <ClCompile Include="Src\98\curl\curl_addrinfo.c">
      <Filter>源文件\98\curl</Filter>
    </ClCompile>
    <ClCompile Include="Src\98\curl\curl_des.c">
      <Filter>源文件\98\curl</Filter>
    </ClCompile>
    <ClCompile Include="Src\98\curl\curl_endian.c">
      <Filter>源文件\98\curl</Filter>
    </ClCompile>
    <ClCompile Include="Src\98\curl\curl_fnmatch.c">
      <Filter>源文件\98\curl</Filter>
    </ClCompile>
    <ClCompile Include="Src\98\curl\curl_gethostname.c">
      <Filter>源文件\98\curl</Filter>
    </ClCompile>
    <ClCompile Include="Src\98\curl\curl_gssapi.c">
      <Filter>源文件\98\curl</Filter>
    </ClCompile>
    <ClCompile Include="Src\98\curl\curl_memrchr.c">
      <Filter>源文件\98\curl</Filter>
    </ClCompile>
    <ClCompile Include="Src\98\curl\curl_multibyte.c">
      <Filter>源文件\98\curl</Filter>
    </ClCompile>
    <ClCompile Include="Src\98\curl\curl_ntlm_core.c">
      <Filter>源文件\98\curl</Filter>
    </ClCompile>
    <ClCompile Include="Src\98\curl\curl_ntlm_wb.c">
      <Filter>源文件\98\curl</Filter>
    </ClCompile>
    <ClCompile Include="Src\98\curl\curl_rtmp.c">
      <Filter>源文件\98\curl</Filter>
    </ClCompile>
    <ClCompile Include="Src\98\curl\curl_sasl.c">
      <Filter>源文件\98\curl</Filter>
    </ClCompile>
    <ClCompile Include="Src\98\curl\curl_sspi.c">
      <Filter>源文件\98\curl</Filter>
    </ClCompile>
    <ClCompile Include="Src\98\curl\curl_threads.c">
      <Filter>源文件\98\curl</Filter>
    </ClCompile>
    <ClCompile Include="Src\98\curl\curlmd5.c">
      <Filter>源文件\98\curl</Filter>
    </ClCompile>
    <ClCompile Include="Src\98\curl\dict.c">
      <Filter>源文件\98\curl</Filter>
    </ClCompile>
    <ClCompile Include="Src\98\curl\dotdot.c">
      <Filter>源文件\98\curl</Filter>
    </ClCompile>
    <ClCompile Include="Src\98\curl\easy.c">
      <Filter>源文件\98\curl</Filter>
    </ClCompile>
    <ClCompile Include="Src\98\curl\escape.c">
      <Filter>源文件\98\curl</Filter>
    </ClCompile>
    <ClCompile Include="Src\98\curl\file.c">
      <Filter>源文件\98\curl</Filter>
    </ClCompile>
    <ClCompile Include="Src\98\curl\fileinfo.c">
      <Filter>源文件\98\curl</Filter>
    </ClCompile>
    <ClCompile Include="Src\98\curl\formdata.c">
      <Filter>源文件\98\curl</Filter>
    </ClCompile>
    <ClCompile Include="Src\98\curl\ftp.c">
      <Filter>源文件\98\curl</Filter>
    </ClCompile>
    <ClCompile Include="Src\98\curl\ftplistparser.c">
      <Filter>源文件\98\curl</Filter>
    </ClCompile>
    <ClCompile Include="Src\98\curl\getenv.c">
      <Filter>源文件\98\curl</Filter>
    </ClCompile>
    <ClCompile Include="Src\98\curl\getinfo.c">
      <Filter>源文件\98\curl</Filter>
    </ClCompile>
    <ClCompile Include="Src\98\curl\gopher.c">
      <Filter>源文件\98\curl</Filter>
    </ClCompile>
    <ClCompile Include="Src\98\curl\hash.c">
      <Filter>源文件\98\curl</Filter>
    </ClCompile>
    <ClCompile Include="Src\98\curl\hmac.c">
      <Filter>源文件\98\curl</Filter>
    </ClCompile>
    <ClCompile Include="Src\98\curl\hostasyn.c">
      <Filter>源文件\98\curl</Filter>
    </ClCompile>
    <ClCompile Include="Src\98\curl\hostcheck.c">
      <Filter>源文件\98\curl</Filter>
    </ClCompile>
    <ClCompile Include="Src\98\curl\hostip.c">
      <Filter>源文件\98\curl</Filter>
    </ClCompile>
    <ClCompile Include="Src\98\curl\hostip4.c">
      <Filter>源文件\98\curl</Filter>
    </ClCompile>
    <ClCompile Include="Src\98\curl\hostip6.c">
      <Filter>源文件\98\curl</Filter>
    </ClCompile>
    <ClCompile Include="Src\98\curl\hostsyn.c">
      <Filter>源文件\98\curl</Filter>
    </ClCompile>
    <ClCompile Include="Src\98\curl\http.c">
      <Filter>源文件\98\curl</Filter>
    </ClCompile>
    <ClCompile Include="Src\98\curl\http_chunks.c">
      <Filter>源文件\98\curl</Filter>
    </ClCompile>
    <ClCompile Include="Src\98\curl\http_digest.c">
      <Filter>源文件\98\curl</Filter>
    </ClCompile>
    <ClCompile Include="Src\98\curl\http_negotiate.c">
      <Filter>源文件\98\curl</Filter>
    </ClCompile>
    <ClCompile Include="Src\98\curl\http_ntlm.c">
      <Filter>源文件\98\curl</Filter>
    </ClCompile>
    <ClCompile Include="Src\98\curl\http_proxy.c">
      <Filter>源文件\98\curl</Filter>
    </ClCompile>
    <ClCompile Include="Src\98\curl\http2.c">
      <Filter>源文件\98\curl</Filter>
    </ClCompile>
    <ClCompile Include="Src\98\curl\idn_win32.c">
      <Filter>源文件\98\curl</Filter>
    </ClCompile>
    <ClCompile Include="Src\98\curl\if2ip.c">
      <Filter>源文件\98\curl</Filter>
    </ClCompile>
    <ClCompile Include="Src\98\curl\imap.c">
      <Filter>源文件\98\curl</Filter>
    </ClCompile>
    <ClCompile Include="Src\98\curl\inet_ntop.c">
      <Filter>源文件\98\curl</Filter>
    </ClCompile>
    <ClCompile Include="Src\98\curl\inet_pton.c">
      <Filter>源文件\98\curl</Filter>
    </ClCompile>
    <ClCompile Include="Src\98\curl\krb5.c">
      <Filter>源文件\98\curl</Filter>
    </ClCompile>
    <ClCompile Include="Src\98\curl\ldap.c">
      <Filter>源文件\98\curl</Filter>
    </ClCompile>
    <ClCompile Include="Src\98\curl\llist.c">
      <Filter>源文件\98\curl</Filter>
    </ClCompile>
    <ClCompile Include="Src\98\curl\md4.c">
      <Filter>源文件\98\curl</Filter>
    </ClCompile>
    <ClCompile Include="Src\98\curl\memdebug.c">
      <Filter>源文件\98\curl</Filter>
    </ClCompile>
    <ClCompile Include="Src\98\curl\mprintf.c">
      <Filter>源文件\98\curl</Filter>
    </ClCompile>
    <ClCompile Include="Src\98\curl\multi.c">
      <Filter>源文件\98\curl</Filter>
    </ClCompile>
    <ClCompile Include="Src\98\curl\netrc.c">
      <Filter>源文件\98\curl</Filter>
    </ClCompile>
    <ClCompile Include="Src\98\curl\non-ascii.c">
      <Filter>源文件\98\curl</Filter>
    </ClCompile>
    <ClCompile Include="Src\98\curl\nonblock.c">
      <Filter>源文件\98\curl</Filter>
    </ClCompile>
    <ClCompile Include="Src\98\curl\nwlib.c">
      <Filter>源文件\98\curl</Filter>
    </ClCompile>
    <ClCompile Include="Src\98\curl\nwos.c">
      <Filter>源文件\98\curl</Filter>
    </ClCompile>
    <ClCompile Include="Src\98\curl\openldap.c">
      <Filter>源文件\98\curl</Filter>
    </ClCompile>
    <ClCompile Include="Src\98\curl\parsedate.c">
      <Filter>源文件\98\curl</Filter>
    </ClCompile>
    <ClCompile Include="Src\98\curl\pingpong.c">
      <Filter>源文件\98\curl</Filter>
    </ClCompile>
    <ClCompile Include="Src\98\curl\pipeline.c">
      <Filter>源文件\98\curl</Filter>
    </ClCompile>
    <ClCompile Include="Src\98\curl\pop3.c">
      <Filter>源文件\98\curl</Filter>
    </ClCompile>
    <ClCompile Include="Src\98\curl\progress.c">
      <Filter>源文件\98\curl</Filter>
    </ClCompile>
    <ClCompile Include="Src\98\curl\rand.c">
      <Filter>源文件\98\curl</Filter>
    </ClCompile>
    <ClCompile Include="Src\98\curl\rtsp.c">
      <Filter>源文件\98\curl</Filter>
    </ClCompile>
    <ClCompile Include="Src\98\curl\security.c">
      <Filter>源文件\98\curl</Filter>
    </ClCompile>
    <ClCompile Include="Src\98\curl\select.c">
      <Filter>源文件\98\curl</Filter>
    </ClCompile>
    <ClCompile Include="Src\98\curl\sendf.c">
      <Filter>源文件\98\curl</Filter>
    </ClCompile>
    <ClCompile Include="Src\98\curl\share.c">
      <Filter>源文件\98\curl</Filter>
    </ClCompile>
    <ClCompile Include="Src\98\curl\slist.c">
      <Filter>源文件\98\curl</Filter>
    </ClCompile>
    <ClCompile Include="Src\98\curl\smb.c">
      <Filter>源文件\98\curl</Filter>
    </ClCompile>
    <ClCompile Include="Src\98\curl\smtp.c">
      <Filter>源文件\98\curl</Filter>
    </ClCompile>
    <ClCompile Include="Src\98\curl\socks.c">
      <Filter>源文件\98\curl</Filter>
    </ClCompile>
    <ClCompile Include="Src\98\curl\socks_gssapi.c">
      <Filter>源文件\98\curl</Filter>
    </ClCompile>
    <ClCompile Include="Src\98\curl\socks_sspi.c">
      <Filter>源文件\98\curl</Filter>
    </ClCompile>
    <ClCompile Include="Src\98\curl\speedcheck.c">
      <Filter>源文件\98\curl</Filter>
    </ClCompile>
    <ClCompile Include="Src\98\curl\splay.c">
      <Filter>源文件\98\curl</Filter>
    </ClCompile>
    <ClCompile Include="Src\98\curl\ssh.c">
      <Filter>源文件\98\curl</Filter>
    </ClCompile>
    <ClCompile Include="Src\98\curl\strcase.c">
      <Filter>源文件\98\curl</Filter>
    </ClCompile>
    <ClCompile Include="Src\98\curl\strdup.c">
      <Filter>源文件\98\curl</Filter>
    </ClCompile>
    <ClCompile Include="Src\98\curl\strerror.c">
      <Filter>源文件\98\curl</Filter>
    </ClCompile>
    <ClCompile Include="Src\98\curl\strtok.c">
      <Filter>源文件\98\curl</Filter>
    </ClCompile>
    <ClCompile Include="Src\98\curl\strtoofft.c">
      <Filter>源文件\98\curl</Filter>
    </ClCompile>
    <ClCompile Include="Src\98\curl\system_win32.c">
      <Filter>源文件\98\curl</Filter>
    </ClCompile>
    <ClCompile Include="Src\98\curl\telnet.c">
      <Filter>源文件\98\curl</Filter>
    </ClCompile>
    <ClCompile Include="Src\98\curl\tftp.c">
      <Filter>源文件\98\curl</Filter>
    </ClCompile>
    <ClCompile Include="Src\98\curl\timeval.c">
      <Filter>源文件\98\curl</Filter>
    </ClCompile>
    <ClCompile Include="Src\98\curl\transfer.c">
      <Filter>源文件\98\curl</Filter>
    </ClCompile>
    <ClCompile Include="Src\98\curl\url.c">
      <Filter>源文件\98\curl</Filter>
    </ClCompile>
    <ClCompile Include="Src\98\curl\version.c">
      <Filter>源文件\98\curl</Filter>
    </ClCompile>
    <ClCompile Include="Src\98\curl\warnless.c">
      <Filter>源文件\98\curl</Filter>
    </ClCompile>
    <ClCompile Include="Src\98\curl\wildcard.c">
      <Filter>源文件\98\curl</Filter>
    </ClCompile>
    <ClCompile Include="Src\98\curl\x509asn1.c">
      <Filter>源文件\98\curl</Filter>
    </ClCompile>
    <ClCompile Include="Src\98\curl\vtls\axtls.c">
      <Filter>源文件\98\curl\vtls</Filter>
    </ClCompile>
    <ClCompile Include="Src\98\curl\vtls\cyassl.c">
      <Filter>源文件\98\curl\vtls</Filter>
    </ClCompile>
    <ClCompile Include="Src\98\curl\vtls\darwinssl.c">
      <Filter>源文件\98\curl\vtls</Filter>
    </ClCompile>
    <ClCompile Include="Src\98\curl\vtls\gskit.c">
      <Filter>源文件\98\curl\vtls</Filter>
    </ClCompile>
    <ClCompile Include="Src\98\curl\vtls\gtls.c">
      <Filter>源文件\98\curl\vtls</Filter>
    </ClCompile>
    <ClCompile Include="Src\98\curl\vtls\mbedtls.c">
      <Filter>源文件\98\curl\vtls</Filter>
    </ClCompile>
    <ClCompile Include="Src\98\curl\vtls\nss.c">
      <Filter>源文件\98\curl\vtls</Filter>
    </ClCompile>
    <ClCompile Include="Src\98\curl\vtls\openssl.c">
      <Filter>源文件\98\curl\vtls</Filter>
    </ClCompile>
    <ClCompile Include="Src\98\curl\vtls\polarssl.c">
      <Filter>源文件\98\curl\vtls</Filter>
    </ClCompile>
    <ClCompile Include="Src\98\curl\vtls\polarssl_threadlock.c">
      <Filter>源文件\98\curl\vtls</Filter>
    </ClCompile>
    <ClCompile Include="Src\98\curl\vtls\schannel.c">
      <Filter>源文件\98\curl\vtls</Filter>
    </ClCompile>
    <ClCompile Include="Src\98\curl\vtls\vtls.c">
      <Filter>源文件\98\curl\vtls</Filter>
    </ClCompile>
    <ClCompile Include="Src\98\curl\vauth\cleartext.c">
      <Filter>源文件\98\curl\vauth</Filter>
    </ClCompile>
    <ClCompile Include="Src\98\curl\vauth\cram.c">
      <Filter>源文件\98\curl\vauth</Filter>
    </ClCompile>
    <ClCompile Include="Src\98\curl\vauth\digest.c">
      <Filter>源文件\98\curl\vauth</Filter>
    </ClCompile>
    <ClCompile Include="Src\98\curl\vauth\digest_sspi.c">
      <Filter>源文件\98\curl\vauth</Filter>
    </ClCompile>
    <ClCompile Include="Src\98\curl\vauth\krb5_gssapi.c">
      <Filter>源文件\98\curl\vauth</Filter>
    </ClCompile>
    <ClCompile Include="Src\98\curl\vauth\krb5_sspi.c">
      <Filter>源文件\98\curl\vauth</Filter>
    </ClCompile>
    <ClCompile Include="Src\98\curl\vauth\ntlm.c">
      <Filter>源文件\98\curl\vauth</Filter>
    </ClCompile>
    <ClCompile Include="Src\98\curl\vauth\ntlm_sspi.c">
      <Filter>源文件\98\curl\vauth</Filter>
    </ClCompile>
    <ClCompile Include="Src\98\curl\vauth\oauth2.c">
      <Filter>源文件\98\curl\vauth</Filter>
    </ClCompile>
    <ClCompile Include="Src\98\curl\vauth\spnego_gssapi.c">
      <Filter>源文件\98\curl\vauth</Filter>
    </ClCompile>
    <ClCompile Include="Src\98\curl\vauth\spnego_sspi.c">
      <Filter>源文件\98\curl\vauth</Filter>
    </ClCompile>
    <ClCompile Include="Src\98\curl\vauth\vauth.c">
      <Filter>源文件\98\curl\vauth</Filter>
    </ClCompile>
    <ClCompile Include="Src\98\HTTPClient_98.cpp">
      <Filter>源文件\98</Filter>
    </ClCompile>
    <ClCompile Include="Src\98\HTTPServer_98.cpp">
      <Filter>源文件\98</Filter>
    </ClCompile>
    <ClCompile Include="Src\98\HTTPClient_Async_98.h">
      <Filter>源文件\98</Filter>
    </ClCompile>
  </ItemGroup>
  <ItemGroup>
    <None Include="..\Include\HTTP\Version.tpl">
      <Filter>头文件</Filter>
    </None>
  </ItemGroup>
</Project>