<?xml version="1.0" encoding="utf-8"?>
<Project ToolsVersion="4.0" xmlns="http://schemas.microsoft.com/developer/msbuild/2003">
  <ItemGroup>
    <ClInclude Include="..\Include\Network\Defs.h">
      <Filter>Include</Filter>
    </ClInclude>
    <ClInclude Include="..\Include\Network\NetAddr.h">
      <Filter>Include</Filter>
    </ClInclude>
    <ClInclude Include="..\Include\Network\Network.h">
      <Filter>Include</Filter>
    </ClInclude>
    <ClInclude Include="..\Include\Network\Socket.h">
      <Filter>Include</Filter>
    </ClInclude>
    <ClInclude Include="..\Include\Network\TcpClient.h">
      <Filter>Include</Filter>
    </ClInclude>
    <ClInclude Include="..\Include\Network\TcpServer.h">
      <Filter>Include</Filter>
    </ClInclude>
    <ClInclude Include="..\Include\Network\Udp.h">
      <Filter>Include</Filter>
    </ClInclude>
    <ClInclude Include="Src\Async\AsyncObject.h">
      <Filter>Src\Async</Filter>
    </ClInclude>
    <ClInclude Include="Src\Async\AsyncObjectCan.h">
      <Filter>Src\Async</Filter>
    </ClInclude>
    <ClInclude Include="Src\Async\AsyncObjectCanSelect.h">
      <Filter>Src\Async</Filter>
    </ClInclude>
    <ClInclude Include="Src\Async\AsyncObjectCanPoll.h">
      <Filter>Src\Async</Filter>
    </ClInclude>
    <ClInclude Include="Src\Async\AsyncObjectCanEPoll.h">
      <Filter>Src\Async</Filter>
    </ClInclude>
    <ClInclude Include="Src\Async\AsyncManager.h">
      <Filter>Src\Async</Filter>
    </ClInclude>
    <ClInclude Include="Src\Async\AsyncObjectIOCP.h">
      <Filter>Src\Async</Filter>
    </ClInclude>
    <ClInclude Include="Src\SocketInternal.h">
      <Filter>Src</Filter>
    </ClInclude>
    <ClInclude Include="Src\IOWorkerInternal.h">
      <Filter>Src</Filter>
    </ClInclude>
    <ClInclude Include="Src\Async\AsyncEvent.h">
      <Filter>Src\Async</Filter>
    </ClInclude>
  </ItemGroup>
  <ItemGroup>
    <ResourceCompile Include="Version.rc" />
  </ItemGroup>
  <ItemGroup>
    <None Include="..\Include\Network\Version.tpl">
      <Filter>Include</Filter>
    </None>
  </ItemGroup>
  <ItemGroup>
    <Filter Include="Include">
      <UniqueIdentifier>{07ac0154-773a-45d0-a284-34eaedc2814a}</UniqueIdentifier>
    </Filter>
    <Filter Include="Src">
      <UniqueIdentifier>{c60eb28d-f2a0-489a-8819-926d1dd02589}</UniqueIdentifier>
    </Filter>
    <Filter Include="Src\Async">
      <UniqueIdentifier>{b2942908-6a9e-44dc-a562-a54d400b630d}</UniqueIdentifier>
    </Filter>
  </ItemGroup>
  <ItemGroup>
    <ClCompile Include="Src\NetAddr.cpp">
      <Filter>Src</Filter>
    </ClCompile>
    <ClCompile Include="Src\Network.cpp">
      <Filter>Src</Filter>
    </ClCompile>
    <ClCompile Include="Src\TcpClient.cpp">
      <Filter>Src</Filter>
    </ClCompile>
    <ClCompile Include="Src\TcpServer.cpp">
      <Filter>Src</Filter>
    </ClCompile>
    <ClCompile Include="Src\Udp.cpp">
      <Filter>Src</Filter>
    </ClCompile>
    <ClCompile Include="Src\AsyncIOWorker.cpp">
      <Filter>Src</Filter>
    </ClCompile>
  </ItemGroup>
</Project>