<?xml version="1.0" encoding="utf-8"?>
<Project ToolsVersion="4.0" xmlns="http://schemas.microsoft.com/developer/msbuild/2003">
  <ItemGroup>
    <ClInclude Include="..\Include\Network\Defs.h">
      <Filter>Include</Filter>
    </ClInclude>
    <ClInclude Include="..\Include\Network\NetAddr.h">
      <Filter>Include</Filter>
    </ClInclude>
    <ClInclude Include="..\Include\Network\Network.h">
      <Filter>Include</Filter>
    </ClInclude>
    <ClInclude Include="..\Include\Network\Socket.h">
      <Filter>Include</Filter>
    </ClInclude>
    <ClInclude Include="..\Include\Network\TcpClient.h">
      <Filter>Include</Filter>
    </ClInclude>
    <ClInclude Include="..\Include\Network\TcpServer.h">
      <Filter>Include</Filter>
    </ClInclude>
    <ClInclude Include="..\Include\Network\Udp.h">
      <Filter>Include</Filter>
    </ClInclude>
    <ClInclude Include="Src\SimpleIO\reactor.h">
      <Filter>Src\SimpleIO</Filter>
    </ClInclude>
    <ClInclude Include="Src\SimpleIO\reactor_epoll.h">
      <Filter>Src\SimpleIO</Filter>
    </ClInclude>
    <ClInclude Include="Src\SimpleIO\reactor_poll.h">
      <Filter>Src\SimpleIO</Filter>
    </ClInclude>
    <ClInclude Include="Src\SimpleIO\reactor_select.h">
      <Filter>Src\SimpleIO</Filter>
    </ClInclude>
    <ClInclude Include="Src\SimpleIO\proactor.h">
      <Filter>Src\SimpleIO</Filter>
    </ClInclude>
    <ClInclude Include="Src\SimpleIO\proactor_iocp.h">
      <Filter>Src\SimpleIO</Filter>
    </ClInclude>
    <ClInclude Include="Src\SimpleIO\proactor_reactor.h">
      <Filter>Src\SimpleIO</Filter>
    </ClInclude>
    <ClInclude Include="Src\SimpleIO\reactor_connecter.h">
      <Filter>Src\SimpleIO</Filter>
    </ClInclude>
    <ClInclude Include="Src\SimpleIO\reactor_object.h">
      <Filter>Src\SimpleIO</Filter>
    </ClInclude>
    <ClInclude Include="Src\SimpleIO\simpleio_def.h">
      <Filter>Src\SimpleIO</Filter>
    </ClInclude>
    <ClInclude Include="Src\SimpleIO\socket_object.h">
      <Filter>Src\SimpleIO</Filter>
    </ClInclude>
    <ClInclude Include="Src\IOWorkerInternal.h">
      <Filter>Src</Filter>
    </ClInclude>
    <ClInclude Include="Src\SocketInternal.h">
      <Filter>Src</Filter>
    </ClInclude>
  </ItemGroup>
  <ItemGroup>
    <ResourceCompile Include="Version.rc" />
  </ItemGroup>
  <ItemGroup>
    <None Include="..\Include\Network\Version.tpl">
      <Filter>Include</Filter>
    </None>
  </ItemGroup>
  <ItemGroup>
    <Filter Include="Include">
      <UniqueIdentifier>{07ac0154-773a-45d0-a284-34eaedc2814a}</UniqueIdentifier>
    </Filter>
    <Filter Include="Src">
      <UniqueIdentifier>{c60eb28d-f2a0-489a-8819-926d1dd02589}</UniqueIdentifier>
    </Filter>
    <Filter Include="Src\SimpleIO">
      <UniqueIdentifier>{88a6cace-ddd6-4b43-b771-83fb3426b6e0}</UniqueIdentifier>
    </Filter>
  </ItemGroup>
  <ItemGroup>
    <ClCompile Include="Src\NetAddr.cpp">
      <Filter>Src</Filter>
    </ClCompile>
    <ClCompile Include="Src\Network.cpp">
      <Filter>Src</Filter>
    </ClCompile>
    <ClCompile Include="Src\TcpClient.cpp">
      <Filter>Src</Filter>
    </ClCompile>
    <ClCompile Include="Src\TcpServer.cpp">
      <Filter>Src</Filter>
    </ClCompile>
    <ClCompile Include="Src\Udp.cpp">
      <Filter>Src</Filter>
    </ClCompile>
    <ClCompile Include="Src\IOWorker.cpp">
      <Filter>Src</Filter>
    </ClCompile>
  </ItemGroup>
</Project>